// !$*UTF8*$!
{
	archiveVersion = 1;
	classes = {
	};
	objectVersion = 56;
	objects = {

/* Begin PBXBuildFile section */
		523287672C85D0AA000EE268 /* SystemTime.swift in Sources */ = {isa = PBXBuildFile; fileRef = 523287662C85D0AA000EE268 /* SystemTime.swift */; };
		523287692C85E07B000EE268 /* LifecycleObserverTests.swift in Sources */ = {isa = PBXBuildFile; fileRef = 523287682C85E07B000EE268 /* LifecycleObserverTests.swift */; };
		5232876C2C85E29B000EE268 /* RandomizerTests.swift in Sources */ = {isa = PBXBuildFile; fileRef = 5232876B2C85E29B000EE268 /* RandomizerTests.swift */; };
		5232876E2C85E391000EE268 /* UUIDProviderTests.swift in Sources */ = {isa = PBXBuildFile; fileRef = 5232876D2C85E391000EE268 /* UUIDProviderTests.swift */; };
		523287702C85E43E000EE268 /* BaseSystemTimeTests.swift in Sources */ = {isa = PBXBuildFile; fileRef = 5232876F2C85E43E000EE268 /* BaseSystemTimeTests.swift */; };
		523C1AC52C6B1B850081D1CC /* CrashReporter in Frameworks */ = {isa = PBXBuildFile; productRef = 523C1AC42C6B1B850081D1CC /* CrashReporter */; };
		5242B2A02C7F4AF600BE19F7 /* ClientInfo.swift in Sources */ = {isa = PBXBuildFile; fileRef = 5242B29F2C7F4AF600BE19F7 /* ClientInfo.swift */; };
		524CC5C32C6A4B12001AB506 /* MeasureSDK.framework in Frameworks */ = {isa = PBXBuildFile; fileRef = 524CC5BA2C6A4B11001AB506 /* MeasureSDK.framework */; };
		524CC5C92C6A4B12001AB506 /* MeasureSDK.h in Headers */ = {isa = PBXBuildFile; fileRef = 524CC5BD2C6A4B11001AB506 /* MeasureSDK.h */; settings = {ATTRIBUTES = (Public, ); }; };
		524CC5DC2C6A4B48001AB506 /* CoreDataManager.swift in Sources */ = {isa = PBXBuildFile; fileRef = 524CC5D22C6A4B48001AB506 /* CoreDataManager.swift */; };
		524CC5DD2C6A4B48001AB506 /* MeasureModel.xcdatamodeld in Sources */ = {isa = PBXBuildFile; fileRef = 524CC5D42C6A4B48001AB506 /* MeasureModel.xcdatamodeld */; };
		524CC5DE2C6A4B48001AB506 /* MeasureCrashReporter.swift in Sources */ = {isa = PBXBuildFile; fileRef = 524CC5D72C6A4B48001AB506 /* MeasureCrashReporter.swift */; };
		524CC5DF2C6A4B48001AB506 /* Measure.swift in Sources */ = {isa = PBXBuildFile; fileRef = 524CC5D92C6A4B48001AB506 /* Measure.swift */; };
		524CC5EE2C6A55F0001AB506 /* CrashReportManager.swift in Sources */ = {isa = PBXBuildFile; fileRef = 524CC5ED2C6A55F0001AB506 /* CrashReportManager.swift */; };
		528EAB892C804AA100CB1574 /* SessionManager.swift in Sources */ = {isa = PBXBuildFile; fileRef = 528EAB882C804AA100CB1574 /* SessionManager.swift */; };
		528EAB8B2C807BA800CB1574 /* IdProvider.swift in Sources */ = {isa = PBXBuildFile; fileRef = 528EAB8A2C807BA800CB1574 /* IdProvider.swift */; };
		528EAB8D2C80824200CB1574 /* Logger.swift in Sources */ = {isa = PBXBuildFile; fileRef = 528EAB8C2C80824200CB1574 /* Logger.swift */; };
		528EAB8F2C81B4C700CB1574 /* TimeProvider.swift in Sources */ = {isa = PBXBuildFile; fileRef = 528EAB8E2C81B4C700CB1574 /* TimeProvider.swift */; };
		528EAB962C84553500CB1574 /* LifecycleObserver.swift in Sources */ = {isa = PBXBuildFile; fileRef = 528EAB952C84553500CB1574 /* LifecycleObserver.swift */; };
		528EAB982C845AF400CB1574 /* Randomizer.swift in Sources */ = {isa = PBXBuildFile; fileRef = 528EAB972C845AF400CB1574 /* Randomizer.swift */; };
		52CD91182C7B2B4E000189BA /* MeasureConfig.swift in Sources */ = {isa = PBXBuildFile; fileRef = 52CD91172C7B2B4E000189BA /* MeasureConfig.swift */; };
		52CD911A2C7B2C77000189BA /* DefaultConfig.swift in Sources */ = {isa = PBXBuildFile; fileRef = 52CD91192C7B2C77000189BA /* DefaultConfig.swift */; };
		52CD911C2C7B388B000189BA /* InternalConfig.swift in Sources */ = {isa = PBXBuildFile; fileRef = 52CD911B2C7B388B000189BA /* InternalConfig.swift */; };
		52CD911E2C7B397C000189BA /* BaseConfigProvider.swift in Sources */ = {isa = PBXBuildFile; fileRef = 52CD911D2C7B397C000189BA /* BaseConfigProvider.swift */; };
		52CD91202C7B39AE000189BA /* Config.swift in Sources */ = {isa = PBXBuildFile; fileRef = 52CD911F2C7B39AE000189BA /* Config.swift */; };
		52CD91222C7C318C000189BA /* ConfigLoader.swift in Sources */ = {isa = PBXBuildFile; fileRef = 52CD91212C7C318C000189BA /* ConfigLoader.swift */; };
		52CD91242C7C3D0F000189BA /* MeasureInternal.swift in Sources */ = {isa = PBXBuildFile; fileRef = 52CD91232C7C3D0F000189BA /* MeasureInternal.swift */; };
		52CD91262C7C3D90000189BA /* MeasureInitializer.swift in Sources */ = {isa = PBXBuildFile; fileRef = 52CD91252C7C3D90000189BA /* MeasureInitializer.swift */; };
/* End PBXBuildFile section */

/* Begin PBXContainerItemProxy section */
		524CC5C42C6A4B12001AB506 /* PBXContainerItemProxy */ = {
			isa = PBXContainerItemProxy;
			containerPortal = 524CC5B12C6A4B11001AB506 /* Project object */;
			proxyType = 1;
			remoteGlobalIDString = 524CC5B92C6A4B11001AB506;
			remoteInfo = MeasureSDK;
		};
/* End PBXContainerItemProxy section */

/* Begin PBXFileReference section */
		523287662C85D0AA000EE268 /* SystemTime.swift */ = {isa = PBXFileReference; lastKnownFileType = sourcecode.swift; path = SystemTime.swift; sourceTree = "<group>"; };
		523287682C85E07B000EE268 /* LifecycleObserverTests.swift */ = {isa = PBXFileReference; lastKnownFileType = sourcecode.swift; path = LifecycleObserverTests.swift; sourceTree = "<group>"; };
		5232876B2C85E29B000EE268 /* RandomizerTests.swift */ = {isa = PBXFileReference; lastKnownFileType = sourcecode.swift; path = RandomizerTests.swift; sourceTree = "<group>"; };
		5232876D2C85E391000EE268 /* UUIDProviderTests.swift */ = {isa = PBXFileReference; lastKnownFileType = sourcecode.swift; path = UUIDProviderTests.swift; sourceTree = "<group>"; };
		5232876F2C85E43E000EE268 /* BaseSystemTimeTests.swift */ = {isa = PBXFileReference; lastKnownFileType = sourcecode.swift; path = BaseSystemTimeTests.swift; sourceTree = "<group>"; };
		5242B29F2C7F4AF600BE19F7 /* ClientInfo.swift */ = {isa = PBXFileReference; fileEncoding = 4; lastKnownFileType = sourcecode.swift; path = ClientInfo.swift; sourceTree = "<group>"; };
		524CC5BA2C6A4B11001AB506 /* MeasureSDK.framework */ = {isa = PBXFileReference; explicitFileType = wrapper.framework; includeInIndex = 0; path = MeasureSDK.framework; sourceTree = BUILT_PRODUCTS_DIR; };
		524CC5BD2C6A4B11001AB506 /* MeasureSDK.h */ = {isa = PBXFileReference; lastKnownFileType = sourcecode.c.h; path = MeasureSDK.h; sourceTree = "<group>"; };
		524CC5C22C6A4B12001AB506 /* MeasureSDKTests.xctest */ = {isa = PBXFileReference; explicitFileType = wrapper.cfbundle; includeInIndex = 0; path = MeasureSDKTests.xctest; sourceTree = BUILT_PRODUCTS_DIR; };
		524CC5D22C6A4B48001AB506 /* CoreDataManager.swift */ = {isa = PBXFileReference; fileEncoding = 4; lastKnownFileType = sourcecode.swift; path = CoreDataManager.swift; sourceTree = "<group>"; };
		524CC5D62C6A4B48001AB506 /* MeasureModel.xcdatamodel */ = {isa = PBXFileReference; lastKnownFileType = wrapper.xcdatamodel; path = MeasureModel.xcdatamodel; sourceTree = "<group>"; };
		524CC5D72C6A4B48001AB506 /* MeasureCrashReporter.swift */ = {isa = PBXFileReference; fileEncoding = 4; lastKnownFileType = sourcecode.swift; path = MeasureCrashReporter.swift; sourceTree = "<group>"; };
		524CC5D92C6A4B48001AB506 /* Measure.swift */ = {isa = PBXFileReference; fileEncoding = 4; lastKnownFileType = sourcecode.swift; path = Measure.swift; sourceTree = "<group>"; };
		524CC5ED2C6A55F0001AB506 /* CrashReportManager.swift */ = {isa = PBXFileReference; lastKnownFileType = sourcecode.swift; path = CrashReportManager.swift; sourceTree = "<group>"; };
		528EAB882C804AA100CB1574 /* SessionManager.swift */ = {isa = PBXFileReference; lastKnownFileType = sourcecode.swift; path = SessionManager.swift; sourceTree = "<group>"; };
		528EAB8A2C807BA800CB1574 /* IdProvider.swift */ = {isa = PBXFileReference; lastKnownFileType = sourcecode.swift; path = IdProvider.swift; sourceTree = "<group>"; };
		528EAB8C2C80824200CB1574 /* Logger.swift */ = {isa = PBXFileReference; lastKnownFileType = sourcecode.swift; path = Logger.swift; sourceTree = "<group>"; };
		528EAB8E2C81B4C700CB1574 /* TimeProvider.swift */ = {isa = PBXFileReference; lastKnownFileType = sourcecode.swift; path = TimeProvider.swift; sourceTree = "<group>"; };
		528EAB952C84553500CB1574 /* LifecycleObserver.swift */ = {isa = PBXFileReference; lastKnownFileType = sourcecode.swift; path = LifecycleObserver.swift; sourceTree = "<group>"; };
		528EAB972C845AF400CB1574 /* Randomizer.swift */ = {isa = PBXFileReference; lastKnownFileType = sourcecode.swift; path = Randomizer.swift; sourceTree = "<group>"; };
		52CD91172C7B2B4E000189BA /* MeasureConfig.swift */ = {isa = PBXFileReference; lastKnownFileType = sourcecode.swift; path = MeasureConfig.swift; sourceTree = "<group>"; };
		52CD91192C7B2C77000189BA /* DefaultConfig.swift */ = {isa = PBXFileReference; lastKnownFileType = sourcecode.swift; path = DefaultConfig.swift; sourceTree = "<group>"; };
		52CD911B2C7B388B000189BA /* InternalConfig.swift */ = {isa = PBXFileReference; lastKnownFileType = sourcecode.swift; path = InternalConfig.swift; sourceTree = "<group>"; };
		52CD911D2C7B397C000189BA /* BaseConfigProvider.swift */ = {isa = PBXFileReference; lastKnownFileType = sourcecode.swift; path = BaseConfigProvider.swift; sourceTree = "<group>"; };
		52CD911F2C7B39AE000189BA /* Config.swift */ = {isa = PBXFileReference; lastKnownFileType = sourcecode.swift; path = Config.swift; sourceTree = "<group>"; };
		52CD91212C7C318C000189BA /* ConfigLoader.swift */ = {isa = PBXFileReference; lastKnownFileType = sourcecode.swift; path = ConfigLoader.swift; sourceTree = "<group>"; };
		52CD91232C7C3D0F000189BA /* MeasureInternal.swift */ = {isa = PBXFileReference; lastKnownFileType = sourcecode.swift; path = MeasureInternal.swift; sourceTree = "<group>"; };
		52CD91252C7C3D90000189BA /* MeasureInitializer.swift */ = {isa = PBXFileReference; lastKnownFileType = sourcecode.swift; path = MeasureInitializer.swift; sourceTree = "<group>"; };
/* End PBXFileReference section */

/* Begin PBXFrameworksBuildPhase section */
		524CC5B72C6A4B11001AB506 /* Frameworks */ = {
			isa = PBXFrameworksBuildPhase;
			buildActionMask = 2147483647;
			files = (
				523C1AC52C6B1B850081D1CC /* CrashReporter in Frameworks */,
			);
			runOnlyForDeploymentPostprocessing = 0;
		};
		524CC5BF2C6A4B12001AB506 /* Frameworks */ = {
			isa = PBXFrameworksBuildPhase;
			buildActionMask = 2147483647;
			files = (
				524CC5C32C6A4B12001AB506 /* MeasureSDK.framework in Frameworks */,
			);
			runOnlyForDeploymentPostprocessing = 0;
		};
/* End PBXFrameworksBuildPhase section */

/* Begin PBXGroup section */
		5232876A2C85E277000EE268 /* Utils */ = {
			isa = PBXGroup;
			children = (
				5232876F2C85E43E000EE268 /* BaseSystemTimeTests.swift */,
				523287682C85E07B000EE268 /* LifecycleObserverTests.swift */,
				5232876B2C85E29B000EE268 /* RandomizerTests.swift */,
				5232876D2C85E391000EE268 /* UUIDProviderTests.swift */,
			);
			path = Utils;
			sourceTree = "<group>";
		};
		524CC5B02C6A4B11001AB506 = {
			isa = PBXGroup;
			children = (
				524CC5BC2C6A4B11001AB506 /* MeasureSDK */,
				524CC5C62C6A4B12001AB506 /* MeasureSDKTests */,
				524CC5BB2C6A4B11001AB506 /* Products */,
			);
			sourceTree = "<group>";
		};
		524CC5BB2C6A4B11001AB506 /* Products */ = {
			isa = PBXGroup;
			children = (
				524CC5BA2C6A4B11001AB506 /* MeasureSDK.framework */,
				524CC5C22C6A4B12001AB506 /* MeasureSDKTests.xctest */,
			);
			name = Products;
			sourceTree = "<group>";
		};
		524CC5BC2C6A4B11001AB506 /* MeasureSDK */ = {
			isa = PBXGroup;
			children = (
				524CC5DA2C6A4B48001AB506 /* Config */,
				524CC5D32C6A4B48001AB506 /* CoreData */,
				524CC5D82C6A4B48001AB506 /* CrashReporter */,
				524CC5D92C6A4B48001AB506 /* Measure.swift */,
				52CD91252C7C3D90000189BA /* MeasureInitializer.swift */,
				52CD91232C7C3D0F000189BA /* MeasureInternal.swift */,
				524CC5BD2C6A4B11001AB506 /* MeasureSDK.h */,
				528EAB882C804AA100CB1574 /* SessionManager.swift */,
				524CC5DB2C6A4B48001AB506 /* Utils */,
				524CC5D52C6A4B48001AB506 /* XCDataModel */,
			);
			path = MeasureSDK;
			sourceTree = "<group>";
		};
		524CC5C62C6A4B12001AB506 /* MeasureSDKTests */ = {
			isa = PBXGroup;
			children = (
				5232876A2C85E277000EE268 /* Utils */,
			);
			path = MeasureSDKTests;
			sourceTree = "<group>";
		};
		524CC5D32C6A4B48001AB506 /* CoreData */ = {
			isa = PBXGroup;
			children = (
				524CC5D22C6A4B48001AB506 /* CoreDataManager.swift */,
			);
			path = CoreData;
			sourceTree = "<group>";
		};
		524CC5D52C6A4B48001AB506 /* XCDataModel */ = {
			isa = PBXGroup;
			children = (
				524CC5D42C6A4B48001AB506 /* MeasureModel.xcdatamodeld */,
			);
			path = XCDataModel;
			sourceTree = "<group>";
		};
		524CC5D82C6A4B48001AB506 /* CrashReporter */ = {
			isa = PBXGroup;
			children = (
				524CC5ED2C6A55F0001AB506 /* CrashReportManager.swift */,
				524CC5D72C6A4B48001AB506 /* MeasureCrashReporter.swift */,
			);
			path = CrashReporter;
			sourceTree = "<group>";
		};
		524CC5DA2C6A4B48001AB506 /* Config */ = {
			isa = PBXGroup;
			children = (
				52CD911D2C7B397C000189BA /* BaseConfigProvider.swift */,
				5242B29F2C7F4AF600BE19F7 /* ClientInfo.swift */,
				52CD911F2C7B39AE000189BA /* Config.swift */,
				52CD91212C7C318C000189BA /* ConfigLoader.swift */,
				52CD91192C7B2C77000189BA /* DefaultConfig.swift */,
				52CD911B2C7B388B000189BA /* InternalConfig.swift */,
				52CD91172C7B2B4E000189BA /* MeasureConfig.swift */,
			);
			path = Config;
			sourceTree = "<group>";
		};
		524CC5DB2C6A4B48001AB506 /* Utils */ = {
			isa = PBXGroup;
			children = (
				528EAB8A2C807BA800CB1574 /* IdProvider.swift */,
				528EAB952C84553500CB1574 /* LifecycleObserver.swift */,
				528EAB8C2C80824200CB1574 /* Logger.swift */,
				528EAB972C845AF400CB1574 /* Randomizer.swift */,
				528EAB8E2C81B4C700CB1574 /* TimeProvider.swift */,
				523287662C85D0AA000EE268 /* SystemTime.swift */,
			);
			path = Utils;
			sourceTree = "<group>";
		};
/* End PBXGroup section */

/* Begin PBXHeadersBuildPhase section */
		524CC5B52C6A4B11001AB506 /* Headers */ = {
			isa = PBXHeadersBuildPhase;
			buildActionMask = 2147483647;
			files = (
				524CC5C92C6A4B12001AB506 /* MeasureSDK.h in Headers */,
			);
			runOnlyForDeploymentPostprocessing = 0;
		};
/* End PBXHeadersBuildPhase section */

/* Begin PBXNativeTarget section */
		524CC5B92C6A4B11001AB506 /* MeasureSDK */ = {
			isa = PBXNativeTarget;
			buildConfigurationList = 524CC5CC2C6A4B12001AB506 /* Build configuration list for PBXNativeTarget "MeasureSDK" */;
			buildPhases = (
				524CC5B52C6A4B11001AB506 /* Headers */,
				524CC5B62C6A4B11001AB506 /* Sources */,
				524CC5B72C6A4B11001AB506 /* Frameworks */,
				524CC5B82C6A4B11001AB506 /* Resources */,
			);
			buildRules = (
			);
			dependencies = (
			);
			name = MeasureSDK;
			packageProductDependencies = (
				523C1AC42C6B1B850081D1CC /* CrashReporter */,
			);
			productName = MeasureSDK;
			productReference = 524CC5BA2C6A4B11001AB506 /* MeasureSDK.framework */;
			productType = "com.apple.product-type.framework";
		};
		524CC5C12C6A4B12001AB506 /* MeasureSDKTests */ = {
			isa = PBXNativeTarget;
			buildConfigurationList = 524CC5CF2C6A4B12001AB506 /* Build configuration list for PBXNativeTarget "MeasureSDKTests" */;
			buildPhases = (
				524CC5BE2C6A4B12001AB506 /* Sources */,
				524CC5BF2C6A4B12001AB506 /* Frameworks */,
				524CC5C02C6A4B12001AB506 /* Resources */,
			);
			buildRules = (
			);
			dependencies = (
				524CC5C52C6A4B12001AB506 /* PBXTargetDependency */,
			);
			name = MeasureSDKTests;
			productName = MeasureSDKTests;
			productReference = 524CC5C22C6A4B12001AB506 /* MeasureSDKTests.xctest */;
			productType = "com.apple.product-type.bundle.unit-test";
		};
/* End PBXNativeTarget section */

/* Begin PBXProject section */
		524CC5B12C6A4B11001AB506 /* Project object */ = {
			isa = PBXProject;
			attributes = {
				BuildIndependentTargetsInParallel = 1;
				LastSwiftUpdateCheck = 1530;
				LastUpgradeCheck = 1530;
				TargetAttributes = {
					524CC5B92C6A4B11001AB506 = {
						CreatedOnToolsVersion = 15.3;
					};
					524CC5C12C6A4B12001AB506 = {
						CreatedOnToolsVersion = 15.3;
					};
				};
			};
			buildConfigurationList = 524CC5B42C6A4B11001AB506 /* Build configuration list for PBXProject "MeasureSDK" */;
			compatibilityVersion = "Xcode 14.0";
			developmentRegion = en;
			hasScannedForEncodings = 0;
			knownRegions = (
				en,
				Base,
			);
			mainGroup = 524CC5B02C6A4B11001AB506;
			packageReferences = (
				523C1AC32C6B1B850081D1CC /* XCRemoteSwiftPackageReference "plcrashreporter" */,
			);
			productRefGroup = 524CC5BB2C6A4B11001AB506 /* Products */;
			projectDirPath = "";
			projectRoot = "";
			targets = (
				524CC5B92C6A4B11001AB506 /* MeasureSDK */,
				524CC5C12C6A4B12001AB506 /* MeasureSDKTests */,
			);
		};
/* End PBXProject section */

/* Begin PBXResourcesBuildPhase section */
		524CC5B82C6A4B11001AB506 /* Resources */ = {
			isa = PBXResourcesBuildPhase;
			buildActionMask = 2147483647;
			files = (
			);
			runOnlyForDeploymentPostprocessing = 0;
		};
		524CC5C02C6A4B12001AB506 /* Resources */ = {
			isa = PBXResourcesBuildPhase;
			buildActionMask = 2147483647;
			files = (
			);
			runOnlyForDeploymentPostprocessing = 0;
		};
/* End PBXResourcesBuildPhase section */

/* Begin PBXSourcesBuildPhase section */
		524CC5B62C6A4B11001AB506 /* Sources */ = {
			isa = PBXSourcesBuildPhase;
			buildActionMask = 2147483647;
			files = (
				52CD91182C7B2B4E000189BA /* MeasureConfig.swift in Sources */,
				524CC5DE2C6A4B48001AB506 /* MeasureCrashReporter.swift in Sources */,
				52CD911C2C7B388B000189BA /* InternalConfig.swift in Sources */,
				528EAB8B2C807BA800CB1574 /* IdProvider.swift in Sources */,
				52CD91242C7C3D0F000189BA /* MeasureInternal.swift in Sources */,
				5242B2A02C7F4AF600BE19F7 /* ClientInfo.swift in Sources */,
				524CC5DD2C6A4B48001AB506 /* MeasureModel.xcdatamodeld in Sources */,
				524CC5EE2C6A55F0001AB506 /* CrashReportManager.swift in Sources */,
				528EAB8D2C80824200CB1574 /* Logger.swift in Sources */,
				528EAB8F2C81B4C700CB1574 /* TimeProvider.swift in Sources */,
				52CD91222C7C318C000189BA /* ConfigLoader.swift in Sources */,
				523287672C85D0AA000EE268 /* SystemTime.swift in Sources */,
				528EAB892C804AA100CB1574 /* SessionManager.swift in Sources */,
				52CD91262C7C3D90000189BA /* MeasureInitializer.swift in Sources */,
				528EAB982C845AF400CB1574 /* Randomizer.swift in Sources */,
				524CC5DF2C6A4B48001AB506 /* Measure.swift in Sources */,
				528EAB962C84553500CB1574 /* LifecycleObserver.swift in Sources */,
				52CD911E2C7B397C000189BA /* BaseConfigProvider.swift in Sources */,
				52CD91202C7B39AE000189BA /* Config.swift in Sources */,
				52CD911A2C7B2C77000189BA /* DefaultConfig.swift in Sources */,
				524CC5DC2C6A4B48001AB506 /* CoreDataManager.swift in Sources */,
			);
			runOnlyForDeploymentPostprocessing = 0;
		};
		524CC5BE2C6A4B12001AB506 /* Sources */ = {
			isa = PBXSourcesBuildPhase;
			buildActionMask = 2147483647;
			files = (
				5232876C2C85E29B000EE268 /* RandomizerTests.swift in Sources */,
				5232876E2C85E391000EE268 /* UUIDProviderTests.swift in Sources */,
				523287702C85E43E000EE268 /* BaseSystemTimeTests.swift in Sources */,
				523287692C85E07B000EE268 /* LifecycleObserverTests.swift in Sources */,
			);
			runOnlyForDeploymentPostprocessing = 0;
		};
/* End PBXSourcesBuildPhase section */

/* Begin PBXTargetDependency section */
		524CC5C52C6A4B12001AB506 /* PBXTargetDependency */ = {
			isa = PBXTargetDependency;
			target = 524CC5B92C6A4B11001AB506 /* MeasureSDK */;
			targetProxy = 524CC5C42C6A4B12001AB506 /* PBXContainerItemProxy */;
		};
/* End PBXTargetDependency section */

/* Begin XCBuildConfiguration section */
		524CC5CA2C6A4B12001AB506 /* Debug */ = {
			isa = XCBuildConfiguration;
			buildSettings = {
				ALWAYS_SEARCH_USER_PATHS = NO;
				ASSETCATALOG_COMPILER_GENERATE_SWIFT_ASSET_SYMBOL_EXTENSIONS = YES;
				CLANG_ANALYZER_NONNULL = YES;
				CLANG_ANALYZER_NUMBER_OBJECT_CONVERSION = YES_AGGRESSIVE;
				CLANG_CXX_LANGUAGE_STANDARD = "gnu++20";
				CLANG_ENABLE_MODULES = YES;
				CLANG_ENABLE_OBJC_ARC = YES;
				CLANG_ENABLE_OBJC_WEAK = YES;
				CLANG_WARN_BLOCK_CAPTURE_AUTORELEASING = YES;
				CLANG_WARN_BOOL_CONVERSION = YES;
				CLANG_WARN_COMMA = YES;
				CLANG_WARN_CONSTANT_CONVERSION = YES;
				CLANG_WARN_DEPRECATED_OBJC_IMPLEMENTATIONS = YES;
				CLANG_WARN_DIRECT_OBJC_ISA_USAGE = YES_ERROR;
				CLANG_WARN_DOCUMENTATION_COMMENTS = YES;
				CLANG_WARN_EMPTY_BODY = YES;
				CLANG_WARN_ENUM_CONVERSION = YES;
				CLANG_WARN_INFINITE_RECURSION = YES;
				CLANG_WARN_INT_CONVERSION = YES;
				CLANG_WARN_NON_LITERAL_NULL_CONVERSION = YES;
				CLANG_WARN_OBJC_IMPLICIT_RETAIN_SELF = YES;
				CLANG_WARN_OBJC_LITERAL_CONVERSION = YES;
				CLANG_WARN_OBJC_ROOT_CLASS = YES_ERROR;
				CLANG_WARN_QUOTED_INCLUDE_IN_FRAMEWORK_HEADER = YES;
				CLANG_WARN_RANGE_LOOP_ANALYSIS = YES;
				CLANG_WARN_STRICT_PROTOTYPES = YES;
				CLANG_WARN_SUSPICIOUS_MOVE = YES;
				CLANG_WARN_UNGUARDED_AVAILABILITY = YES_AGGRESSIVE;
				CLANG_WARN_UNREACHABLE_CODE = YES;
				CLANG_WARN__DUPLICATE_METHOD_MATCH = YES;
				COPY_PHASE_STRIP = NO;
				CURRENT_PROJECT_VERSION = 1;
				DEBUG_INFORMATION_FORMAT = dwarf;
				ENABLE_STRICT_OBJC_MSGSEND = YES;
				ENABLE_TESTABILITY = YES;
				ENABLE_USER_SCRIPT_SANDBOXING = YES;
				GCC_C_LANGUAGE_STANDARD = gnu17;
				GCC_DYNAMIC_NO_PIC = NO;
				GCC_NO_COMMON_BLOCKS = YES;
				GCC_OPTIMIZATION_LEVEL = 0;
				GCC_PREPROCESSOR_DEFINITIONS = (
					"DEBUG=1",
					"$(inherited)",
				);
				GCC_WARN_64_TO_32_BIT_CONVERSION = YES;
				GCC_WARN_ABOUT_RETURN_TYPE = YES_ERROR;
				GCC_WARN_UNDECLARED_SELECTOR = YES;
				GCC_WARN_UNINITIALIZED_AUTOS = YES_AGGRESSIVE;
				GCC_WARN_UNUSED_FUNCTION = YES;
				GCC_WARN_UNUSED_VARIABLE = YES;
				IPHONEOS_DEPLOYMENT_TARGET = 17.4;
				LOCALIZATION_PREFERS_STRING_CATALOGS = YES;
				MTL_ENABLE_DEBUG_INFO = INCLUDE_SOURCE;
				MTL_FAST_MATH = YES;
				ONLY_ACTIVE_ARCH = YES;
				SDKROOT = iphoneos;
				SWIFT_ACTIVE_COMPILATION_CONDITIONS = "DEBUG $(inherited)";
				SWIFT_INSTALL_OBJC_HEADER = YES;
				SWIFT_OPTIMIZATION_LEVEL = "-Onone";
				VERSIONING_SYSTEM = "apple-generic";
				VERSION_INFO_PREFIX = "";
			};
			name = Debug;
		};
		524CC5CB2C6A4B12001AB506 /* Release */ = {
			isa = XCBuildConfiguration;
			buildSettings = {
				ALWAYS_SEARCH_USER_PATHS = NO;
				ASSETCATALOG_COMPILER_GENERATE_SWIFT_ASSET_SYMBOL_EXTENSIONS = YES;
				CLANG_ANALYZER_NONNULL = YES;
				CLANG_ANALYZER_NUMBER_OBJECT_CONVERSION = YES_AGGRESSIVE;
				CLANG_CXX_LANGUAGE_STANDARD = "gnu++20";
				CLANG_ENABLE_MODULES = YES;
				CLANG_ENABLE_OBJC_ARC = YES;
				CLANG_ENABLE_OBJC_WEAK = YES;
				CLANG_WARN_BLOCK_CAPTURE_AUTORELEASING = YES;
				CLANG_WARN_BOOL_CONVERSION = YES;
				CLANG_WARN_COMMA = YES;
				CLANG_WARN_CONSTANT_CONVERSION = YES;
				CLANG_WARN_DEPRECATED_OBJC_IMPLEMENTATIONS = YES;
				CLANG_WARN_DIRECT_OBJC_ISA_USAGE = YES_ERROR;
				CLANG_WARN_DOCUMENTATION_COMMENTS = YES;
				CLANG_WARN_EMPTY_BODY = YES;
				CLANG_WARN_ENUM_CONVERSION = YES;
				CLANG_WARN_INFINITE_RECURSION = YES;
				CLANG_WARN_INT_CONVERSION = YES;
				CLANG_WARN_NON_LITERAL_NULL_CONVERSION = YES;
				CLANG_WARN_OBJC_IMPLICIT_RETAIN_SELF = YES;
				CLANG_WARN_OBJC_LITERAL_CONVERSION = YES;
				CLANG_WARN_OBJC_ROOT_CLASS = YES_ERROR;
				CLANG_WARN_QUOTED_INCLUDE_IN_FRAMEWORK_HEADER = YES;
				CLANG_WARN_RANGE_LOOP_ANALYSIS = YES;
				CLANG_WARN_STRICT_PROTOTYPES = YES;
				CLANG_WARN_SUSPICIOUS_MOVE = YES;
				CLANG_WARN_UNGUARDED_AVAILABILITY = YES_AGGRESSIVE;
				CLANG_WARN_UNREACHABLE_CODE = YES;
				CLANG_WARN__DUPLICATE_METHOD_MATCH = YES;
				COPY_PHASE_STRIP = NO;
				CURRENT_PROJECT_VERSION = 1;
				DEBUG_INFORMATION_FORMAT = "dwarf-with-dsym";
				ENABLE_NS_ASSERTIONS = NO;
				ENABLE_STRICT_OBJC_MSGSEND = YES;
				ENABLE_USER_SCRIPT_SANDBOXING = YES;
				GCC_C_LANGUAGE_STANDARD = gnu17;
				GCC_NO_COMMON_BLOCKS = YES;
				GCC_WARN_64_TO_32_BIT_CONVERSION = YES;
				GCC_WARN_ABOUT_RETURN_TYPE = YES_ERROR;
				GCC_WARN_UNDECLARED_SELECTOR = YES;
				GCC_WARN_UNINITIALIZED_AUTOS = YES_AGGRESSIVE;
				GCC_WARN_UNUSED_FUNCTION = YES;
				GCC_WARN_UNUSED_VARIABLE = YES;
				IPHONEOS_DEPLOYMENT_TARGET = 17.4;
				LOCALIZATION_PREFERS_STRING_CATALOGS = YES;
				MTL_ENABLE_DEBUG_INFO = NO;
				MTL_FAST_MATH = YES;
				SDKROOT = iphoneos;
				SWIFT_COMPILATION_MODE = wholemodule;
				SWIFT_INSTALL_OBJC_HEADER = YES;
				VALIDATE_PRODUCT = YES;
				VERSIONING_SYSTEM = "apple-generic";
				VERSION_INFO_PREFIX = "";
			};
			name = Release;
		};
		524CC5CD2C6A4B12001AB506 /* Debug */ = {
			isa = XCBuildConfiguration;
			buildSettings = {
				BUILD_LIBRARY_FOR_DISTRIBUTION = YES;
				CODE_SIGN_STYLE = Automatic;
				CURRENT_PROJECT_VERSION = 1;
				DEFINES_MODULE = YES;
				DYLIB_COMPATIBILITY_VERSION = 1;
				DYLIB_CURRENT_VERSION = 1;
				DYLIB_INSTALL_NAME_BASE = "@rpath";
				ENABLE_MODULE_VERIFIER = YES;
				ENABLE_USER_SCRIPT_SANDBOXING = NO;
				GENERATE_INFOPLIST_FILE = YES;
				INFOPLIST_KEY_NSHumanReadableCopyright = "";
				INSTALL_PATH = "$(LOCAL_LIBRARY_DIR)/Frameworks";
				IPHONEOS_DEPLOYMENT_TARGET = 12;
				LD_RUNPATH_SEARCH_PATHS = (
					"$(inherited)",
					"@executable_path/Frameworks",
					"@loader_path/Frameworks",
				);
				MARKETING_VERSION = 1.0;
				MODULE_VERIFIER_SUPPORTED_LANGUAGES = "objective-c objective-c++";
				MODULE_VERIFIER_SUPPORTED_LANGUAGE_STANDARDS = "gnu17 gnu++20";
				OTHER_SWIFT_FLAGS = "-no-verify-emitted-module-interface";
				PRODUCT_BUNDLE_IDENTIFIER = com.measure.MeasureSDK;
				PRODUCT_NAME = "$(TARGET_NAME:c99extidentifier)";
				SKIP_INSTALL = YES;
				SUPPORTED_PLATFORMS = "iphoneos iphonesimulator";
				SUPPORTS_MACCATALYST = NO;
				SUPPORTS_MAC_DESIGNED_FOR_IPHONE_IPAD = NO;
				SUPPORTS_XR_DESIGNED_FOR_IPHONE_IPAD = NO;
				SWIFT_EMIT_LOC_STRINGS = YES;
				SWIFT_INSTALL_OBJC_HEADER = YES;
				SWIFT_VERSION = 5.0;
				TARGETED_DEVICE_FAMILY = "1,2";
			};
			name = Debug;
		};
		524CC5CE2C6A4B12001AB506 /* Release */ = {
			isa = XCBuildConfiguration;
			buildSettings = {
				BUILD_LIBRARY_FOR_DISTRIBUTION = YES;
				CODE_SIGN_STYLE = Automatic;
				CURRENT_PROJECT_VERSION = 1;
				DEFINES_MODULE = YES;
				DYLIB_COMPATIBILITY_VERSION = 1;
				DYLIB_CURRENT_VERSION = 1;
				DYLIB_INSTALL_NAME_BASE = "@rpath";
				ENABLE_MODULE_VERIFIER = YES;
				ENABLE_USER_SCRIPT_SANDBOXING = NO;
				GENERATE_INFOPLIST_FILE = YES;
				INFOPLIST_KEY_NSHumanReadableCopyright = "";
				INSTALL_PATH = "$(LOCAL_LIBRARY_DIR)/Frameworks";
				IPHONEOS_DEPLOYMENT_TARGET = 12;
				LD_RUNPATH_SEARCH_PATHS = (
					"$(inherited)",
					"@executable_path/Frameworks",
					"@loader_path/Frameworks",
				);
				MARKETING_VERSION = 1.0;
				MODULE_VERIFIER_SUPPORTED_LANGUAGES = "objective-c objective-c++";
				MODULE_VERIFIER_SUPPORTED_LANGUAGE_STANDARDS = "gnu17 gnu++20";
				OTHER_SWIFT_FLAGS = "-no-verify-emitted-module-interface";
				PRODUCT_BUNDLE_IDENTIFIER = com.measure.MeasureSDK;
				PRODUCT_NAME = "$(TARGET_NAME:c99extidentifier)";
				SKIP_INSTALL = YES;
				SUPPORTED_PLATFORMS = "iphoneos iphonesimulator";
				SUPPORTS_MACCATALYST = NO;
				SUPPORTS_MAC_DESIGNED_FOR_IPHONE_IPAD = NO;
				SUPPORTS_XR_DESIGNED_FOR_IPHONE_IPAD = NO;
				SWIFT_EMIT_LOC_STRINGS = YES;
				SWIFT_INSTALL_OBJC_HEADER = YES;
				SWIFT_VERSION = 5.0;
				TARGETED_DEVICE_FAMILY = "1,2";
			};
			name = Release;
		};
		524CC5D02C6A4B12001AB506 /* Debug */ = {
			isa = XCBuildConfiguration;
			buildSettings = {
				ALWAYS_EMBED_SWIFT_STANDARD_LIBRARIES = YES;
				CODE_SIGN_STYLE = Automatic;
				CURRENT_PROJECT_VERSION = 1;
				GENERATE_INFOPLIST_FILE = YES;
				MARKETING_VERSION = 1.0;
				PRODUCT_BUNDLE_IDENTIFIER = com.measure.MeasureSDKTests;
				PRODUCT_NAME = "$(TARGET_NAME)";
				SWIFT_EMIT_LOC_STRINGS = NO;
				SWIFT_VERSION = 5.0;
				TARGETED_DEVICE_FAMILY = "1,2";
			};
			name = Debug;
		};
		524CC5D12C6A4B12001AB506 /* Release */ = {
			isa = XCBuildConfiguration;
			buildSettings = {
				ALWAYS_EMBED_SWIFT_STANDARD_LIBRARIES = YES;
				CODE_SIGN_STYLE = Automatic;
				CURRENT_PROJECT_VERSION = 1;
				GENERATE_INFOPLIST_FILE = YES;
				MARKETING_VERSION = 1.0;
				PRODUCT_BUNDLE_IDENTIFIER = com.measure.MeasureSDKTests;
				PRODUCT_NAME = "$(TARGET_NAME)";
				SWIFT_EMIT_LOC_STRINGS = NO;
				SWIFT_VERSION = 5.0;
				TARGETED_DEVICE_FAMILY = "1,2";
			};
			name = Release;
		};
/* End XCBuildConfiguration section */

/* Begin XCConfigurationList section */
		524CC5B42C6A4B11001AB506 /* Build configuration list for PBXProject "MeasureSDK" */ = {
			isa = XCConfigurationList;
			buildConfigurations = (
				524CC5CA2C6A4B12001AB506 /* Debug */,
				524CC5CB2C6A4B12001AB506 /* Release */,
			);
			defaultConfigurationIsVisible = 0;
			defaultConfigurationName = Release;
		};
		524CC5CC2C6A4B12001AB506 /* Build configuration list for PBXNativeTarget "MeasureSDK" */ = {
			isa = XCConfigurationList;
			buildConfigurations = (
				524CC5CD2C6A4B12001AB506 /* Debug */,
				524CC5CE2C6A4B12001AB506 /* Release */,
			);
			defaultConfigurationIsVisible = 0;
			defaultConfigurationName = Release;
		};
		524CC5CF2C6A4B12001AB506 /* Build configuration list for PBXNativeTarget "MeasureSDKTests" */ = {
			isa = XCConfigurationList;
			buildConfigurations = (
				524CC5D02C6A4B12001AB506 /* Debug */,
				524CC5D12C6A4B12001AB506 /* Release */,
			);
			defaultConfigurationIsVisible = 0;
			defaultConfigurationName = Release;
		};
/* End XCConfigurationList section */

/* Begin XCRemoteSwiftPackageReference section */
		523C1AC32C6B1B850081D1CC /* XCRemoteSwiftPackageReference "plcrashreporter" */ = {
			isa = XCRemoteSwiftPackageReference;
			repositoryURL = "https://github.com/microsoft/plcrashreporter";
			requirement = {
				kind = exactVersion;
				version = 1.11.2;
			};
		};
/* End XCRemoteSwiftPackageReference section */

/* Begin XCSwiftPackageProductDependency section */
		523C1AC42C6B1B850081D1CC /* CrashReporter */ = {
			isa = XCSwiftPackageProductDependency;
			package = 523C1AC32C6B1B850081D1CC /* XCRemoteSwiftPackageReference "plcrashreporter" */;
			productName = CrashReporter;
		};
/* End XCSwiftPackageProductDependency section */

/* Begin XCVersionGroup section */
		524CC5D42C6A4B48001AB506 /* MeasureModel.xcdatamodeld */ = {
			isa = XCVersionGroup;
			children = (
				524CC5D62C6A4B48001AB506 /* MeasureModel.xcdatamodel */,
			);
			currentVersion = 524CC5D62C6A4B48001AB506 /* MeasureModel.xcdatamodel */;
			name = MeasureModel.xcdatamodeld;
			path = /Users/edpu/Documents/Workspace/measure/ios/MeasureSDK/MeasureSDK/XCDataModel/MeasureModel.xcdatamodeld;
			sourceTree = "<group>";
			versionGroupType = wrapper.xcdatamodel;
		};
/* End XCVersionGroup section */
	};
	rootObject = 524CC5B12C6A4B11001AB506 /* Project object */;
}
