// !$*UTF8*$!
{
	archiveVersion = 1;
	classes = {
	};
	objectVersion = 56;
	objects = {

/* Begin PBXBuildFile section */
		524CC5812C6A180F001AB506 /* AppDelegate.swift in Sources */ = {isa = PBXBuildFile; fileRef = 524CC5802C6A180F001AB506 /* AppDelegate.swift */; };
		524CC5832C6A180F001AB506 /* SceneDelegate.swift in Sources */ = {isa = PBXBuildFile; fileRef = 524CC5822C6A180F001AB506 /* SceneDelegate.swift */; };
		524CC5882C6A180F001AB506 /* Base in Resources */ = {isa = PBXBuildFile; fileRef = 524CC5872C6A180F001AB506 /* Base */; };
		524CC58A2C6A1811001AB506 /* Assets.xcassets in Resources */ = {isa = PBXBuildFile; fileRef = 524CC5892C6A1811001AB506 /* Assets.xcassets */; };
		524CC58D2C6A1811001AB506 /* Base in Resources */ = {isa = PBXBuildFile; fileRef = 524CC58C2C6A1811001AB506 /* Base */; };
		524CC5E82C6A4C10001AB506 /* MeasureSDK.framework in Frameworks */ = {isa = PBXBuildFile; fileRef = 524CC5E72C6A4C10001AB506 /* MeasureSDK.framework */; };
		524CC5E92C6A4C10001AB506 /* MeasureSDK.framework in Embed Frameworks */ = {isa = PBXBuildFile; fileRef = 524CC5E72C6A4C10001AB506 /* MeasureSDK.framework */; settings = {ATTRIBUTES = (CodeSignOnCopy, RemoveHeadersOnCopy, ); }; };
		52AE71F82CABAD2600F2830A /* ObjcDetailViewController.m in Sources */ = {isa = PBXBuildFile; fileRef = 52AE71F42CABAD2500F2830A /* ObjcDetailViewController.m */; };
		52AE71F92CABAD2600F2830A /* SwiftUIDetailViewController.swift in Sources */ = {isa = PBXBuildFile; fileRef = 52AE71F62CABAD2600F2830A /* SwiftUIDetailViewController.swift */; };
		52AE71FA2CABAD2600F2830A /* ViewController.swift in Sources */ = {isa = PBXBuildFile; fileRef = 52AE71F72CABAD2600F2830A /* ViewController.swift */; };
		52CD91322C7DAEDB000189BA /* MeasureManager.m in Sources */ = {isa = PBXBuildFile; fileRef = 52CD91312C7DAEDB000189BA /* MeasureManager.m */; };
		52F93BA02CAEA66300168AB4 /* CollectionViewController.swift in Sources */ = {isa = PBXBuildFile; fileRef = 52F93B9F2CAEA66300168AB4 /* CollectionViewController.swift */; };
		52F93BA22CB185AE00168AB4 /* ControlsViewController.swift in Sources */ = {isa = PBXBuildFile; fileRef = 52F93BA12CB185AE00168AB4 /* ControlsViewController.swift */; };
/* End PBXBuildFile section */

/* Begin PBXCopyFilesBuildPhase section */
		524CC5E62C6A4B9F001AB506 /* Embed Frameworks */ = {
			isa = PBXCopyFilesBuildPhase;
			buildActionMask = 2147483647;
			dstPath = "";
			dstSubfolderSpec = 10;
			files = (
				524CC5E92C6A4C10001AB506 /* MeasureSDK.framework in Embed Frameworks */,
			);
			name = "Embed Frameworks";
			runOnlyForDeploymentPostprocessing = 0;
		};
/* End PBXCopyFilesBuildPhase section */

/* Begin PBXFileReference section */
		524CC57D2C6A180F001AB506 /* MeasureDemo.app */ = {isa = PBXFileReference; explicitFileType = wrapper.application; includeInIndex = 0; path = MeasureDemo.app; sourceTree = BUILT_PRODUCTS_DIR; };
		524CC5802C6A180F001AB506 /* AppDelegate.swift */ = {isa = PBXFileReference; lastKnownFileType = sourcecode.swift; path = AppDelegate.swift; sourceTree = "<group>"; };
		524CC5822C6A180F001AB506 /* SceneDelegate.swift */ = {isa = PBXFileReference; lastKnownFileType = sourcecode.swift; path = SceneDelegate.swift; sourceTree = "<group>"; };
		524CC5872C6A180F001AB506 /* Base */ = {isa = PBXFileReference; lastKnownFileType = file.storyboard; name = Base; path = Base.lproj/Main.storyboard; sourceTree = "<group>"; };
		524CC5892C6A1811001AB506 /* Assets.xcassets */ = {isa = PBXFileReference; lastKnownFileType = folder.assetcatalog; path = Assets.xcassets; sourceTree = "<group>"; };
		524CC58C2C6A1811001AB506 /* Base */ = {isa = PBXFileReference; lastKnownFileType = file.storyboard; name = Base; path = Base.lproj/LaunchScreen.storyboard; sourceTree = "<group>"; };
		524CC58E2C6A1811001AB506 /* Info.plist */ = {isa = PBXFileReference; lastKnownFileType = text.plist.xml; path = Info.plist; sourceTree = "<group>"; };
		524CC5E72C6A4C10001AB506 /* MeasureSDK.framework */ = {isa = PBXFileReference; explicitFileType = wrapper.framework; path = MeasureSDK.framework; sourceTree = BUILT_PRODUCTS_DIR; };
		52AE71F42CABAD2500F2830A /* ObjcDetailViewController.m */ = {isa = PBXFileReference; fileEncoding = 4; lastKnownFileType = sourcecode.c.objc; path = ObjcDetailViewController.m; sourceTree = "<group>"; };
		52AE71F52CABAD2600F2830A /* ObjcDetailViewController.h */ = {isa = PBXFileReference; fileEncoding = 4; lastKnownFileType = sourcecode.c.h; path = ObjcDetailViewController.h; sourceTree = "<group>"; };
		52AE71F62CABAD2600F2830A /* SwiftUIDetailViewController.swift */ = {isa = PBXFileReference; fileEncoding = 4; lastKnownFileType = sourcecode.swift; path = SwiftUIDetailViewController.swift; sourceTree = "<group>"; };
		52AE71F72CABAD2600F2830A /* ViewController.swift */ = {isa = PBXFileReference; fileEncoding = 4; lastKnownFileType = sourcecode.swift; path = ViewController.swift; sourceTree = "<group>"; };
		52CD912F2C7DAEDA000189BA /* MeasureDemo-Bridging-Header.h */ = {isa = PBXFileReference; lastKnownFileType = sourcecode.c.h; path = "MeasureDemo-Bridging-Header.h"; sourceTree = "<group>"; };
		52CD91302C7DAEDB000189BA /* MeasureManager.h */ = {isa = PBXFileReference; lastKnownFileType = sourcecode.c.h; path = MeasureManager.h; sourceTree = "<group>"; };
		52CD91312C7DAEDB000189BA /* MeasureManager.m */ = {isa = PBXFileReference; lastKnownFileType = sourcecode.c.objc; path = MeasureManager.m; sourceTree = "<group>"; };
		52F93B9F2CAEA66300168AB4 /* CollectionViewController.swift */ = {isa = PBXFileReference; lastKnownFileType = sourcecode.swift; path = CollectionViewController.swift; sourceTree = "<group>"; };
		52F93BA12CB185AE00168AB4 /* ControlsViewController.swift */ = {isa = PBXFileReference; lastKnownFileType = sourcecode.swift; path = ControlsViewController.swift; sourceTree = "<group>"; };
/* End PBXFileReference section */

/* Begin PBXFrameworksBuildPhase section */
		524CC57A2C6A180F001AB506 /* Frameworks */ = {
			isa = PBXFrameworksBuildPhase;
			buildActionMask = 2147483647;
			files = (
				524CC5E82C6A4C10001AB506 /* MeasureSDK.framework in Frameworks */,
			);
			runOnlyForDeploymentPostprocessing = 0;
		};
/* End PBXFrameworksBuildPhase section */

/* Begin PBXGroup section */
		524CC5742C6A180F001AB506 = {
			isa = PBXGroup;
			children = (
				524CC57F2C6A180F001AB506 /* MeasureDemo */,
				524CC57E2C6A180F001AB506 /* Products */,
				524CC5942C6A1923001AB506 /* Frameworks */,
			);
			sourceTree = "<group>";
		};
		524CC57E2C6A180F001AB506 /* Products */ = {
			isa = PBXGroup;
			children = (
				524CC57D2C6A180F001AB506 /* MeasureDemo.app */,
			);
			name = Products;
			sourceTree = "<group>";
		};
		524CC57F2C6A180F001AB506 /* MeasureDemo */ = {
			isa = PBXGroup;
			children = (
				52AE71F22CABAC8800F2830A /* AppDelegate */,
				524CC5892C6A1811001AB506 /* Assets.xcassets */,
				52AE71F32CABACA300F2830A /* Controller */,
				524CC58E2C6A1811001AB506 /* Info.plist */,
				524CC58B2C6A1811001AB506 /* LaunchScreen.storyboard */,
				524CC5862C6A180F001AB506 /* Main.storyboard */,
				52CD912F2C7DAEDA000189BA /* MeasureDemo-Bridging-Header.h */,
				52CD91302C7DAEDB000189BA /* MeasureManager.h */,
				52CD91312C7DAEDB000189BA /* MeasureManager.m */,
			);
			path = MeasureDemo;
			sourceTree = "<group>";
		};
		524CC5942C6A1923001AB506 /* Frameworks */ = {
			isa = PBXGroup;
			children = (
				524CC5E72C6A4C10001AB506 /* MeasureSDK.framework */,
			);
			name = Frameworks;
			sourceTree = "<group>";
		};
		52AE71F22CABAC8800F2830A /* AppDelegate */ = {
			isa = PBXGroup;
			children = (
				524CC5802C6A180F001AB506 /* AppDelegate.swift */,
				524CC5822C6A180F001AB506 /* SceneDelegate.swift */,
			);
			path = AppDelegate;
			sourceTree = "<group>";
		};
		52AE71F32CABACA300F2830A /* Controller */ = {
			isa = PBXGroup;
			children = (
				52F93B9F2CAEA66300168AB4 /* CollectionViewController.swift */,
				52F93BA12CB185AE00168AB4 /* ControlsViewController.swift */,
				52AE71F52CABAD2600F2830A /* ObjcDetailViewController.h */,
				52AE71F42CABAD2500F2830A /* ObjcDetailViewController.m */,
				52AE71F62CABAD2600F2830A /* SwiftUIDetailViewController.swift */,
				52AE71F72CABAD2600F2830A /* ViewController.swift */,
			);
			path = Controller;
			sourceTree = "<group>";
		};
/* End PBXGroup section */

/* Begin PBXNativeTarget section */
		524CC57C2C6A180F001AB506 /* MeasureDemo */ = {
			isa = PBXNativeTarget;
			buildConfigurationList = 524CC5912C6A1811001AB506 /* Build configuration list for PBXNativeTarget "MeasureDemo" */;
			buildPhases = (
				527D81B92C7752FB004E094B /* Run Script - SwiftLint */,
				524CC5792C6A180F001AB506 /* Sources */,
				524CC57A2C6A180F001AB506 /* Frameworks */,
				524CC57B2C6A180F001AB506 /* Resources */,
				524CC5E62C6A4B9F001AB506 /* Embed Frameworks */,
			);
			buildRules = (
			);
			dependencies = (
			);
			name = MeasureDemo;
			productName = MeasureDemo;
			productReference = 524CC57D2C6A180F001AB506 /* MeasureDemo.app */;
			productType = "com.apple.product-type.application";
		};
/* End PBXNativeTarget section */

/* Begin PBXProject section */
		524CC5752C6A180F001AB506 /* Project object */ = {
			isa = PBXProject;
			attributes = {
				BuildIndependentTargetsInParallel = 1;
				LastSwiftUpdateCheck = 1530;
				LastUpgradeCheck = 1530;
				TargetAttributes = {
					524CC57C2C6A180F001AB506 = {
						CreatedOnToolsVersion = 15.3;
						LastSwiftMigration = 1530;
					};
				};
			};
			buildConfigurationList = 524CC5782C6A180F001AB506 /* Build configuration list for PBXProject "MeasureDemo" */;
			compatibilityVersion = "Xcode 14.0";
			developmentRegion = en;
			hasScannedForEncodings = 0;
			knownRegions = (
				en,
				Base,
			);
			mainGroup = 524CC5742C6A180F001AB506;
			productRefGroup = 524CC57E2C6A180F001AB506 /* Products */;
			projectDirPath = "";
			projectRoot = "";
			targets = (
				524CC57C2C6A180F001AB506 /* MeasureDemo */,
			);
		};
/* End PBXProject section */

/* Begin PBXResourcesBuildPhase section */
		524CC57B2C6A180F001AB506 /* Resources */ = {
			isa = PBXResourcesBuildPhase;
			buildActionMask = 2147483647;
			files = (
				524CC58A2C6A1811001AB506 /* Assets.xcassets in Resources */,
				524CC58D2C6A1811001AB506 /* Base in Resources */,
				524CC5882C6A180F001AB506 /* Base in Resources */,
			);
			runOnlyForDeploymentPostprocessing = 0;
		};
/* End PBXResourcesBuildPhase section */

/* Begin PBXShellScriptBuildPhase section */
		527D81B92C7752FB004E094B /* Run Script - SwiftLint */ = {
			isa = PBXShellScriptBuildPhase;
			alwaysOutOfDate = 1;
			buildActionMask = 2147483647;
			files = (
			);
			inputFileListPaths = (
			);
			inputPaths = (
			);
			name = "Run Script - SwiftLint";
			outputFileListPaths = (
			);
			outputPaths = (
			);
			runOnlyForDeploymentPostprocessing = 0;
			shellPath = /bin/sh;
			shellScript = "# Type a script or drag a script file from your workspace to insert its path.\n\nif [ \"${CONFIGURATION}\" = \"Debug\" ]; then\n    if which swiftlint >/dev/null; then\n        echo $SRCROOT\n        swiftlint --config \"$SRCROOT/../.swiftlint.yml\"\n    else\n        echo \"warning: SwiftLint not installed, download from https://github.com/realm/SwiftLint\"\n    fi\nfi\n";
		};
/* End PBXShellScriptBuildPhase section */

/* Begin PBXSourcesBuildPhase section */
		524CC5792C6A180F001AB506 /* Sources */ = {
			isa = PBXSourcesBuildPhase;
			buildActionMask = 2147483647;
			files = (
				52AE71FA2CABAD2600F2830A /* ViewController.swift in Sources */,
				52AE71F92CABAD2600F2830A /* SwiftUIDetailViewController.swift in Sources */,
				52F93BA22CB185AE00168AB4 /* ControlsViewController.swift in Sources */,
				52CD91322C7DAEDB000189BA /* MeasureManager.m in Sources */,
				52AE71F82CABAD2600F2830A /* ObjcDetailViewController.m in Sources */,
				52F93BA02CAEA66300168AB4 /* CollectionViewController.swift in Sources */,
				524CC5812C6A180F001AB506 /* AppDelegate.swift in Sources */,
				524CC5832C6A180F001AB506 /* SceneDelegate.swift in Sources */,
			);
			runOnlyForDeploymentPostprocessing = 0;
		};
/* End PBXSourcesBuildPhase section */

/* Begin PBXVariantGroup section */
		524CC5862C6A180F001AB506 /* Main.storyboard */ = {
			isa = PBXVariantGroup;
			children = (
				524CC5872C6A180F001AB506 /* Base */,
			);
			name = Main.storyboard;
			sourceTree = "<group>";
		};
		524CC58B2C6A1811001AB506 /* LaunchScreen.storyboard */ = {
			isa = PBXVariantGroup;
			children = (
				524CC58C2C6A1811001AB506 /* Base */,
			);
			name = LaunchScreen.storyboard;
			sourceTree = "<group>";
		};
/* End PBXVariantGroup section */

/* Begin XCBuildConfiguration section */
		524CC58F2C6A1811001AB506 /* Debug */ = {
			isa = XCBuildConfiguration;
			buildSettings = {
				ALWAYS_SEARCH_USER_PATHS = NO;
				ASSETCATALOG_COMPILER_GENERATE_SWIFT_ASSET_SYMBOL_EXTENSIONS = YES;
				CLANG_ANALYZER_NONNULL = YES;
				CLANG_ANALYZER_NUMBER_OBJECT_CONVERSION = YES_AGGRESSIVE;
				CLANG_CXX_LANGUAGE_STANDARD = "gnu++20";
				CLANG_ENABLE_MODULES = YES;
				CLANG_ENABLE_OBJC_ARC = YES;
				CLANG_ENABLE_OBJC_WEAK = YES;
				CLANG_WARN_BLOCK_CAPTURE_AUTORELEASING = YES;
				CLANG_WARN_BOOL_CONVERSION = YES;
				CLANG_WARN_COMMA = YES;
				CLANG_WARN_CONSTANT_CONVERSION = YES;
				CLANG_WARN_DEPRECATED_OBJC_IMPLEMENTATIONS = YES;
				CLANG_WARN_DIRECT_OBJC_ISA_USAGE = YES_ERROR;
				CLANG_WARN_DOCUMENTATION_COMMENTS = YES;
				CLANG_WARN_EMPTY_BODY = YES;
				CLANG_WARN_ENUM_CONVERSION = YES;
				CLANG_WARN_INFINITE_RECURSION = YES;
				CLANG_WARN_INT_CONVERSION = YES;
				CLANG_WARN_NON_LITERAL_NULL_CONVERSION = YES;
				CLANG_WARN_OBJC_IMPLICIT_RETAIN_SELF = YES;
				CLANG_WARN_OBJC_LITERAL_CONVERSION = YES;
				CLANG_WARN_OBJC_ROOT_CLASS = YES_ERROR;
				CLANG_WARN_QUOTED_INCLUDE_IN_FRAMEWORK_HEADER = YES;
				CLANG_WARN_RANGE_LOOP_ANALYSIS = YES;
				CLANG_WARN_STRICT_PROTOTYPES = YES;
				CLANG_WARN_SUSPICIOUS_MOVE = YES;
				CLANG_WARN_UNGUARDED_AVAILABILITY = YES_AGGRESSIVE;
				CLANG_WARN_UNREACHABLE_CODE = YES;
				CLANG_WARN__DUPLICATE_METHOD_MATCH = YES;
				COPY_PHASE_STRIP = NO;
				DEBUG_INFORMATION_FORMAT = dwarf;
				ENABLE_STRICT_OBJC_MSGSEND = YES;
				ENABLE_TESTABILITY = YES;
				ENABLE_USER_SCRIPT_SANDBOXING = YES;
				GCC_C_LANGUAGE_STANDARD = gnu17;
				GCC_DYNAMIC_NO_PIC = NO;
				GCC_NO_COMMON_BLOCKS = YES;
				GCC_OPTIMIZATION_LEVEL = 0;
				GCC_PREPROCESSOR_DEFINITIONS = (
					"DEBUG=1",
					"$(inherited)",
				);
				GCC_WARN_64_TO_32_BIT_CONVERSION = YES;
				GCC_WARN_ABOUT_RETURN_TYPE = YES_ERROR;
				GCC_WARN_UNDECLARED_SELECTOR = YES;
				GCC_WARN_UNINITIALIZED_AUTOS = YES_AGGRESSIVE;
				GCC_WARN_UNUSED_FUNCTION = YES;
				GCC_WARN_UNUSED_VARIABLE = YES;
				IPHONEOS_DEPLOYMENT_TARGET = 17.4;
				LOCALIZATION_PREFERS_STRING_CATALOGS = YES;
				MTL_ENABLE_DEBUG_INFO = INCLUDE_SOURCE;
				MTL_FAST_MATH = YES;
				ONLY_ACTIVE_ARCH = YES;
				SDKROOT = iphoneos;
				SWIFT_ACTIVE_COMPILATION_CONDITIONS = "DEBUG $(inherited)";
				SWIFT_OPTIMIZATION_LEVEL = "-Onone";
			};
			name = Debug;
		};
		524CC5902C6A1811001AB506 /* Release */ = {
			isa = XCBuildConfiguration;
			buildSettings = {
				ALWAYS_SEARCH_USER_PATHS = NO;
				ASSETCATALOG_COMPILER_GENERATE_SWIFT_ASSET_SYMBOL_EXTENSIONS = YES;
				CLANG_ANALYZER_NONNULL = YES;
				CLANG_ANALYZER_NUMBER_OBJECT_CONVERSION = YES_AGGRESSIVE;
				CLANG_CXX_LANGUAGE_STANDARD = "gnu++20";
				CLANG_ENABLE_MODULES = YES;
				CLANG_ENABLE_OBJC_ARC = YES;
				CLANG_ENABLE_OBJC_WEAK = YES;
				CLANG_WARN_BLOCK_CAPTURE_AUTORELEASING = YES;
				CLANG_WARN_BOOL_CONVERSION = YES;
				CLANG_WARN_COMMA = YES;
				CLANG_WARN_CONSTANT_CONVERSION = YES;
				CLANG_WARN_DEPRECATED_OBJC_IMPLEMENTATIONS = YES;
				CLANG_WARN_DIRECT_OBJC_ISA_USAGE = YES_ERROR;
				CLANG_WARN_DOCUMENTATION_COMMENTS = YES;
				CLANG_WARN_EMPTY_BODY = YES;
				CLANG_WARN_ENUM_CONVERSION = YES;
				CLANG_WARN_INFINITE_RECURSION = YES;
				CLANG_WARN_INT_CONVERSION = YES;
				CLANG_WARN_NON_LITERAL_NULL_CONVERSION = YES;
				CLANG_WARN_OBJC_IMPLICIT_RETAIN_SELF = YES;
				CLANG_WARN_OBJC_LITERAL_CONVERSION = YES;
				CLANG_WARN_OBJC_ROOT_CLASS = YES_ERROR;
				CLANG_WARN_QUOTED_INCLUDE_IN_FRAMEWORK_HEADER = YES;
				CLANG_WARN_RANGE_LOOP_ANALYSIS = YES;
				CLANG_WARN_STRICT_PROTOTYPES = YES;
				CLANG_WARN_SUSPICIOUS_MOVE = YES;
				CLANG_WARN_UNGUARDED_AVAILABILITY = YES_AGGRESSIVE;
				CLANG_WARN_UNREACHABLE_CODE = YES;
				CLANG_WARN__DUPLICATE_METHOD_MATCH = YES;
				COPY_PHASE_STRIP = NO;
				DEBUG_INFORMATION_FORMAT = "dwarf-with-dsym";
				ENABLE_NS_ASSERTIONS = NO;
				ENABLE_STRICT_OBJC_MSGSEND = YES;
				ENABLE_USER_SCRIPT_SANDBOXING = YES;
				GCC_C_LANGUAGE_STANDARD = gnu17;
				GCC_NO_COMMON_BLOCKS = YES;
				GCC_WARN_64_TO_32_BIT_CONVERSION = YES;
				GCC_WARN_ABOUT_RETURN_TYPE = YES_ERROR;
				GCC_WARN_UNDECLARED_SELECTOR = YES;
				GCC_WARN_UNINITIALIZED_AUTOS = YES_AGGRESSIVE;
				GCC_WARN_UNUSED_FUNCTION = YES;
				GCC_WARN_UNUSED_VARIABLE = YES;
				IPHONEOS_DEPLOYMENT_TARGET = 17.4;
				LOCALIZATION_PREFERS_STRING_CATALOGS = YES;
				MTL_ENABLE_DEBUG_INFO = NO;
				MTL_FAST_MATH = YES;
				SDKROOT = iphoneos;
				SWIFT_COMPILATION_MODE = wholemodule;
				VALIDATE_PRODUCT = YES;
			};
			name = Release;
		};
		524CC5922C6A1811001AB506 /* Debug */ = {
			isa = XCBuildConfiguration;
			buildSettings = {
				ASSETCATALOG_COMPILER_APPICON_NAME = AppIcon;
				ASSETCATALOG_COMPILER_GLOBAL_ACCENT_COLOR_NAME = AccentColor;
				CLANG_ENABLE_MODULES = YES;
				CODE_SIGN_STYLE = Automatic;
				CURRENT_PROJECT_VERSION = 1;
				DEVELOPMENT_TEAM = KH3C75WXJ3;
				ENABLE_USER_SCRIPT_SANDBOXING = NO;
				GENERATE_INFOPLIST_FILE = YES;
				INFOPLIST_FILE = MeasureDemo/Info.plist;
				INFOPLIST_KEY_UIApplicationSupportsIndirectInputEvents = YES;
				INFOPLIST_KEY_UILaunchStoryboardName = LaunchScreen;
				INFOPLIST_KEY_UIMainStoryboardFile = Main;
				INFOPLIST_KEY_UISupportedInterfaceOrientations_iPad = "UIInterfaceOrientationPortrait UIInterfaceOrientationPortraitUpsideDown UIInterfaceOrientationLandscapeLeft UIInterfaceOrientationLandscapeRight";
				INFOPLIST_KEY_UISupportedInterfaceOrientations_iPhone = "UIInterfaceOrientationPortrait UIInterfaceOrientationLandscapeLeft UIInterfaceOrientationLandscapeRight";
				IPHONEOS_DEPLOYMENT_TARGET = 13.0;
				LD_RUNPATH_SEARCH_PATHS = (
					"$(inherited)",
					"@executable_path/Frameworks",
				);
				MARKETING_VERSION = 1.0;
				PRODUCT_BUNDLE_IDENTIFIER = com.measure.MeasureDemo;
				PRODUCT_NAME = "$(TARGET_NAME)";
				SWIFT_EMIT_LOC_STRINGS = YES;
				SWIFT_OBJC_BRIDGING_HEADER = "MeasureDemo/MeasureDemo-Bridging-Header.h";
				SWIFT_OPTIMIZATION_LEVEL = "-Onone";
				SWIFT_VERSION = 5.0;
				TARGETED_DEVICE_FAMILY = "1,2";
			};
			name = Debug;
		};
		524CC5932C6A1811001AB506 /* Release */ = {
			isa = XCBuildConfiguration;
			buildSettings = {
				ASSETCATALOG_COMPILER_APPICON_NAME = AppIcon;
				ASSETCATALOG_COMPILER_GLOBAL_ACCENT_COLOR_NAME = AccentColor;
				CLANG_ENABLE_MODULES = YES;
				CODE_SIGN_STYLE = Automatic;
				CURRENT_PROJECT_VERSION = 1;
				DEVELOPMENT_TEAM = KH3C75WXJ3;
				ENABLE_USER_SCRIPT_SANDBOXING = NO;
				GENERATE_INFOPLIST_FILE = YES;
				INFOPLIST_FILE = MeasureDemo/Info.plist;
				INFOPLIST_KEY_UIApplicationSupportsIndirectInputEvents = YES;
				INFOPLIST_KEY_UILaunchStoryboardName = LaunchScreen;
				INFOPLIST_KEY_UIMainStoryboardFile = Main;
				INFOPLIST_KEY_UISupportedInterfaceOrientations_iPad = "UIInterfaceOrientationPortrait UIInterfaceOrientationPortraitUpsideDown UIInterfaceOrientationLandscapeLeft UIInterfaceOrientationLandscapeRight";
				INFOPLIST_KEY_UISupportedInterfaceOrientations_iPhone = "UIInterfaceOrientationPortrait UIInterfaceOrientationLandscapeLeft UIInterfaceOrientationLandscapeRight";
				IPHONEOS_DEPLOYMENT_TARGET = 13.0;
				LD_RUNPATH_SEARCH_PATHS = (
					"$(inherited)",
					"@executable_path/Frameworks",
				);
				MARKETING_VERSION = 1.0;
				PRODUCT_BUNDLE_IDENTIFIER = com.measure.MeasureDemo;
				PRODUCT_NAME = "$(TARGET_NAME)";
				SWIFT_EMIT_LOC_STRINGS = YES;
				SWIFT_OBJC_BRIDGING_HEADER = "MeasureDemo/MeasureDemo-Bridging-Header.h";
				SWIFT_VERSION = 5.0;
				TARGETED_DEVICE_FAMILY = "1,2";
			};
			name = Release;
		};
/* End XCBuildConfiguration section */

/* Begin XCConfigurationList section */
		524CC5782C6A180F001AB506 /* Build configuration list for PBXProject "MeasureDemo" */ = {
			isa = XCConfigurationList;
			buildConfigurations = (
				524CC58F2C6A1811001AB506 /* Debug */,
				524CC5902C6A1811001AB506 /* Release */,
			);
			defaultConfigurationIsVisible = 0;
			defaultConfigurationName = Release;
		};
		524CC5912C6A1811001AB506 /* Build configuration list for PBXNativeTarget "MeasureDemo" */ = {
			isa = XCConfigurationList;
			buildConfigurations = (
				524CC5922C6A1811001AB506 /* Debug */,
				524CC5932C6A1811001AB506 /* Release */,
			);
			defaultConfigurationIsVisible = 0;
			defaultConfigurationName = Release;
		};
/* End XCConfigurationList section */
	};
	rootObject = 524CC5752C6A180F001AB506 /* Project object */;
}
