PODS:
  - Flutter (1.0.0)
  - integration_test (0.0.1):
    - Flutter
  - measure-sh (0.3.1):
    - PLCrashReporter
  - measure_flutter (0.0.1):
    - Flutter
    - measure-sh
  - PLCrashReporter (1.12.0)

DEPENDENCIES:
  - Flutter (from `Flutter`)
  - integration_test (from `.symlinks/plugins/integration_test/ios`)
  - measure-sh (from `../../../`)
  - measure_flutter (from `.symlinks/plugins/measure_flutter/ios`)

SPEC REPOS:
  trunk:
    - PLCrashReporter

EXTERNAL SOURCES:
  Flutter:
    :path: Flutter
  integration_test:
    :path: ".symlinks/plugins/integration_test/ios"
  measure-sh:
    :path: "../../../"
  measure_flutter:
    :path: ".symlinks/plugins/measure_flutter/ios"

SPEC CHECKSUMS:
  Flutter: e0871f40cf51350855a761d2e70bf5af5b9b5de7
  integration_test: 252f60fa39af5e17c3aa9899d35d908a0721b573
  measure-sh: e436cd1ac59aa6a052b07df9490445170027ad43
  measure_flutter: 0c0e3800e6aaa4bd153d13b4cf0b2d15e7a3e3f1
  PLCrashReporter: db59ef96fa3d25f3650040d02ec2798cffee75f2

PODFILE CHECKSUM: 3cb20a85f541529366cc657f7ec57a839ce22ff1

COCOAPODS: 1.16.2
