PODS:
  - Flutter (1.0.0)
  - image_picker_ios (0.0.1):
    - Flutter
  - integration_test (0.0.1):
    - Flutter
  - measure-sh (0.8.1):
    - PLCrashReporter (= 1.11.2)
  - measure_flutter (0.3.0):
    - Flutter
    - measure-sh (= 0.8.1)
  - PLCrashReporter (1.11.2)

DEPENDENCIES:
  - Flutter (from `Flutter`)
  - image_picker_ios (from `.symlinks/plugins/image_picker_ios/ios`)
  - integration_test (from `.symlinks/plugins/integration_test/ios`)
  - measure-sh (from `../../../`)
  - measure_flutter (from `.symlinks/plugins/measure_flutter/ios`)

SPEC REPOS:
  trunk:
    - PLCrashReporter

EXTERNAL SOURCES:
  Flutter:
    :path: Flutter
  image_picker_ios:
    :path: ".symlinks/plugins/image_picker_ios/ios"
  integration_test:
    :path: ".symlinks/plugins/integration_test/ios"
  measure-sh:
    :path: "../../../"
  measure_flutter:
    :path: ".symlinks/plugins/measure_flutter/ios"

SPEC CHECKSUMS:
  Flutter: e0871f40cf51350855a761d2e70bf5af5b9b5de7
  image_picker_ios: c560581cceedb403a6ff17f2f816d7fea1421fc1
  integration_test: 252f60fa39af5e17c3aa9899d35d908a0721b573
  measure-sh: dbc4c2c505a1392817127d1adc580fdbf2a227eb
  measure_flutter: 04265a60f6931a7eb69a5477d8498b0ffb0c7581
  PLCrashReporter: 499c53b0104f95c302d94fd723ebb03c56d9bac8

PODFILE CHECKSUM: dffbadd7b7e96b7c7b59224b1d5faba2eedb1358

COCOAPODS: 1.16.2
