{
  "originHash" : "ca2b70622bceaacf465c6a2c4faed710abda8bd95f89c1332e1e2cdfe26063c1",
  "pins" : [
    {
      "identity" : "plcrashreporter",
      "kind" : "remoteSourceControl",
      "location" : "https://github.com/microsoft/plcrashreporter",
      "state" : {
        "revision" : "6752f71de206f6a53fa6a758c3660fd9a7fe7527",
        "version" : "1.11.2"
      }
    }
  ],
  "version" : 3
}
