PODS:
  - Flutter (1.0.0)
  - integration_test (0.0.1):
    - Flutter
  - measure_flutter (0.0.1):
    - Flutter
    - MeasureSDK
  - MeasureSDK (0.0.1):
    - PLCrashReporter
  - PLCrashReporter (1.12.0)

DEPENDENCIES:
  - Flutter (from `Flutter`)
  - integration_test (from `.symlinks/plugins/integration_test/ios`)
  - measure_flutter (from `.symlinks/plugins/measure_flutter/ios`)
  - MeasureSDK (from `../../../../`)

SPEC REPOS:
  trunk:
    - PLCrashReporter

EXTERNAL SOURCES:
  Flutter:
    :path: Flutter
  integration_test:
    :path: ".symlinks/plugins/integration_test/ios"
  measure_flutter:
    :path: ".symlinks/plugins/measure_flutter/ios"
  MeasureSDK:
    :path: "../../../../"

SPEC CHECKSUMS:
  Flutter: e0871f40cf51350855a761d2e70bf5af5b9b5de7
  integration_test: 252f60fa39af5e17c3aa9899d35d908a0721b573
  measure_flutter: efa7a924798ed291612c6c1abc75bd21caf4f660
  MeasureSDK: f54bafa452de25345d85f8d802dd3487417e2621
  PLCrashReporter: db59ef96fa3d25f3650040d02ec2798cffee75f2

PODFILE CHECKSUM: d77e931c838ee869792fe297aa2361bf7f5f8a70

COCOAPODS: 1.15.2
