PODS:
  - Flutter (1.0.0)
  - integration_test (0.0.1):
    - Flutter
  - measure_flutter (0.0.1):
    - Flutter
    - MeasureSDK
  - MeasureSDK (1.0.0):
    - PLCrashReporter
  - PLCrashReporter (1.11.2)

DEPENDENCIES:
  - Flutter (from `Flutter`)
  - integration_test (from `.symlinks/plugins/integration_test/ios`)
  - measure_flutter (from `.symlinks/plugins/measure_flutter/ios`)
  - MeasureSDK (from `../../../../ios/`)

SPEC REPOS:
  trunk:
    - PLCrashReporter

EXTERNAL SOURCES:
  Flutter:
    :path: Flutter
  integration_test:
    :path: ".symlinks/plugins/integration_test/ios"
  measure_flutter:
    :path: ".symlinks/plugins/measure_flutter/ios"
  MeasureSDK:
    :path: "../../../../ios/"

SPEC CHECKSUMS:
  Flutter: e0871f40cf51350855a761d2e70bf5af5b9b5de7
  integration_test: 252f60fa39af5e17c3aa9899d35d908a0721b573
  measure_flutter: efa7a924798ed291612c6c1abc75bd21caf4f660
  MeasureSDK: b867c6a09d9d5cf58667b2f7bac8e852a80da2fb
  PLCrashReporter: 499c53b0104f95c302d94fd723ebb03c56d9bac8

PODFILE CHECKSUM: 39bd948833f9d3a815527c6dc5694c471943a013

COCOAPODS: 1.15.2
