PODS:
  - Flutter (1.0.0)
  - image_picker_ios (0.0.1):
    - Flutter
  - integration_test (0.0.1):
    - Flutter
  - measure-sh (0.9.0):
    - PLCrashReporter (= 1.12.0)
  - measure_flutter (0.3.0):
    - Flutter
    - measure-sh (= 0.9.0)
  - PLCrashReporter (1.12.0)

DEPENDENCIES:
  - Flutter (from `Flutter`)
  - image_picker_ios (from `.symlinks/plugins/image_picker_ios/ios`)
  - integration_test (from `.symlinks/plugins/integration_test/ios`)
  - measure-sh
  - measure_flutter (from `.symlinks/plugins/measure_flutter/ios`)

SPEC REPOS:
  trunk:
    - measure-sh
    - PLCrashReporter

EXTERNAL SOURCES:
  Flutter:
    :path: Flutter
  image_picker_ios:
    :path: ".symlinks/plugins/image_picker_ios/ios"
  integration_test:
    :path: ".symlinks/plugins/integration_test/ios"
  measure_flutter:
    :path: ".symlinks/plugins/measure_flutter/ios"

SPEC CHECKSUMS:
  Flutter: cabc95a1d2626b1b06e7179b784ebcf0c0cde467
  image_picker_ios: 7fe1ff8e34c1790d6fff70a32484959f563a928a
  integration_test: 4a889634ef21a45d28d50d622cf412dc6d9f586e
  measure-sh: de3a98bd9790b2a04b06814c4eab8de0058b7193
  measure_flutter: c7dd24cf19812d634b53f734b372097f59c28c30
  PLCrashReporter: db59ef96fa3d25f3650040d02ec2798cffee75f2

PODFILE CHECKSUM: 9e37546b22c70a7189ef61b2c3d974860fe42eb7

COCOAPODS: 1.16.2
