PODS:
  - measure-sh (0.8.1):
    - PLCrashReporter (= 1.11.2)
  - PLCrashReporter (1.11.2)

DEPENDENCIES:
  - measure-sh (from `../../`)

SPEC REPOS:
  trunk:
    - PLCrashReporter

EXTERNAL SOURCES:
  measure-sh:
    :path: "../../"

SPEC CHECKSUMS:
  measure-sh: dbc4c2c505a1392817127d1adc580fdbf2a227eb
  PLCrashReporter: 499c53b0104f95c302d94fd723ebb03c56d9bac8

PODFILE CHECKSUM: 828d9701ce9dd588cdabe7bc1a8cb829d2a17f97

COCOAPODS: 1.16.2
