PODS:
  - measure-sh (0.8.1):
    - PLCrashReporter (= 1.12.0)
  - PLCrashReporter (1.12.0)

DEPENDENCIES:
  - measure-sh (from `../../`)

SPEC REPOS:
  trunk:
    - PLCrashReporter

EXTERNAL SOURCES:
  measure-sh:
    :path: "../../"

SPEC CHECKSUMS:
  measure-sh: 22611ef94b48051ec62bd0f572976b0718558f06
  PLCrashReporter: db59ef96fa3d25f3650040d02ec2798cffee75f2

PODFILE CHECKSUM: 828d9701ce9dd588cdabe7bc1a8cb829d2a17f97

COCOAPODS: 1.16.2
