// !$*UTF8*$!
{
	archiveVersion = 1;
	classes = {
	};
	objectVersion = 56;
	objects = {

/* Begin PBXBuildFile section */
		523C1AA72C6B14730081D1CC /* AppDelegate.m in Sources */ = {isa = PBXBuildFile; fileRef = 523C1AA62C6B14730081D1CC /* AppDelegate.m */; };
		523C1AAA2C6B14730081D1CC /* SceneDelegate.m in Sources */ = {isa = PBXBuildFile; fileRef = 523C1AA92C6B14730081D1CC /* SceneDelegate.m */; };
		523C1AAD2C6B14730081D1CC /* ViewController.m in Sources */ = {isa = PBXBuildFile; fileRef = 523C1AAC2C6B14730081D1CC /* ViewController.m */; };
		523C1AB02C6B14730081D1CC /* Base in Resources */ = {isa = PBXBuildFile; fileRef = 523C1AAF2C6B14730081D1CC /* Base */; };
		523C1AB22C6B14770081D1CC /* Assets.xcassets in Resources */ = {isa = PBXBuildFile; fileRef = 523C1AB12C6B14770081D1CC /* Assets.xcassets */; };
		523C1AB52C6B14770081D1CC /* Base in Resources */ = {isa = PBXBuildFile; fileRef = 523C1AB42C6B14770081D1CC /* Base */; };
		523C1AB82C6B14770081D1CC /* main.m in Sources */ = {isa = PBXBuildFile; fileRef = 523C1AB72C6B14770081D1CC /* main.m */; };
		523C1AC02C6B14AC0081D1CC /* MeasureSDK.framework in Frameworks */ = {isa = PBXBuildFile; fileRef = 523C1ABF2C6B14AC0081D1CC /* MeasureSDK.framework */; };
		523C1AC12C6B14AC0081D1CC /* MeasureSDK.framework in Embed Frameworks */ = {isa = PBXBuildFile; fileRef = 523C1ABF2C6B14AC0081D1CC /* MeasureSDK.framework */; settings = {ATTRIBUTES = (CodeSignOnCopy, RemoveHeadersOnCopy, ); }; };
/* End PBXBuildFile section */

/* Begin PBXCopyFilesBuildPhase section */
		523C1AC22C6B14AC0081D1CC /* Embed Frameworks */ = {
			isa = PBXCopyFilesBuildPhase;
			buildActionMask = 2147483647;
			dstPath = "";
			dstSubfolderSpec = 10;
			files = (
				523C1AC12C6B14AC0081D1CC /* MeasureSDK.framework in Embed Frameworks */,
			);
			name = "Embed Frameworks";
			runOnlyForDeploymentPostprocessing = 0;
		};
/* End PBXCopyFilesBuildPhase section */

/* Begin PBXFileReference section */
		523C1AA22C6B14730081D1CC /* MeasureDemoObjc.app */ = {isa = PBXFileReference; explicitFileType = wrapper.application; includeInIndex = 0; path = MeasureDemoObjc.app; sourceTree = BUILT_PRODUCTS_DIR; };
		523C1AA52C6B14730081D1CC /* AppDelegate.h */ = {isa = PBXFileReference; lastKnownFileType = sourcecode.c.h; path = AppDelegate.h; sourceTree = "<group>"; };
		523C1AA62C6B14730081D1CC /* AppDelegate.m */ = {isa = PBXFileReference; lastKnownFileType = sourcecode.c.objc; path = AppDelegate.m; sourceTree = "<group>"; };
		523C1AA82C6B14730081D1CC /* SceneDelegate.h */ = {isa = PBXFileReference; lastKnownFileType = sourcecode.c.h; path = SceneDelegate.h; sourceTree = "<group>"; };
		523C1AA92C6B14730081D1CC /* SceneDelegate.m */ = {isa = PBXFileReference; lastKnownFileType = sourcecode.c.objc; path = SceneDelegate.m; sourceTree = "<group>"; };
		523C1AAB2C6B14730081D1CC /* ViewController.h */ = {isa = PBXFileReference; lastKnownFileType = sourcecode.c.h; path = ViewController.h; sourceTree = "<group>"; };
		523C1AAC2C6B14730081D1CC /* ViewController.m */ = {isa = PBXFileReference; lastKnownFileType = sourcecode.c.objc; path = ViewController.m; sourceTree = "<group>"; };
		523C1AAF2C6B14730081D1CC /* Base */ = {isa = PBXFileReference; lastKnownFileType = file.storyboard; name = Base; path = Base.lproj/Main.storyboard; sourceTree = "<group>"; };
		523C1AB12C6B14770081D1CC /* Assets.xcassets */ = {isa = PBXFileReference; lastKnownFileType = folder.assetcatalog; path = Assets.xcassets; sourceTree = "<group>"; };
		523C1AB42C6B14770081D1CC /* Base */ = {isa = PBXFileReference; lastKnownFileType = file.storyboard; name = Base; path = Base.lproj/LaunchScreen.storyboard; sourceTree = "<group>"; };
		523C1AB62C6B14770081D1CC /* Info.plist */ = {isa = PBXFileReference; lastKnownFileType = text.plist.xml; path = Info.plist; sourceTree = "<group>"; };
		523C1AB72C6B14770081D1CC /* main.m */ = {isa = PBXFileReference; lastKnownFileType = sourcecode.c.objc; path = main.m; sourceTree = "<group>"; };
		523C1ABF2C6B14AC0081D1CC /* MeasureSDK.framework */ = {isa = PBXFileReference; explicitFileType = wrapper.framework; path = MeasureSDK.framework; sourceTree = BUILT_PRODUCTS_DIR; };
/* End PBXFileReference section */

/* Begin PBXFrameworksBuildPhase section */
		523C1A9F2C6B14730081D1CC /* Frameworks */ = {
			isa = PBXFrameworksBuildPhase;
			buildActionMask = 2147483647;
			files = (
				523C1AC02C6B14AC0081D1CC /* MeasureSDK.framework in Frameworks */,
			);
			runOnlyForDeploymentPostprocessing = 0;
		};
/* End PBXFrameworksBuildPhase section */

/* Begin PBXGroup section */
		523C1A992C6B14730081D1CC = {
			isa = PBXGroup;
			children = (
				523C1AA42C6B14730081D1CC /* MeasureDemoObjc */,
				523C1AA32C6B14730081D1CC /* Products */,
				523C1ABE2C6B14AC0081D1CC /* Frameworks */,
			);
			sourceTree = "<group>";
		};
		523C1AA32C6B14730081D1CC /* Products */ = {
			isa = PBXGroup;
			children = (
				523C1AA22C6B14730081D1CC /* MeasureDemoObjc.app */,
			);
			name = Products;
			sourceTree = "<group>";
		};
		523C1AA42C6B14730081D1CC /* MeasureDemoObjc */ = {
			isa = PBXGroup;
			children = (
				523C1AA52C6B14730081D1CC /* AppDelegate.h */,
				523C1AA62C6B14730081D1CC /* AppDelegate.m */,
				523C1AA82C6B14730081D1CC /* SceneDelegate.h */,
				523C1AA92C6B14730081D1CC /* SceneDelegate.m */,
				523C1AAB2C6B14730081D1CC /* ViewController.h */,
				523C1AAC2C6B14730081D1CC /* ViewController.m */,
				523C1AAE2C6B14730081D1CC /* Main.storyboard */,
				523C1AB12C6B14770081D1CC /* Assets.xcassets */,
				523C1AB32C6B14770081D1CC /* LaunchScreen.storyboard */,
				523C1AB62C6B14770081D1CC /* Info.plist */,
				523C1AB72C6B14770081D1CC /* main.m */,
			);
			path = MeasureDemoObjc;
			sourceTree = "<group>";
		};
		523C1ABE2C6B14AC0081D1CC /* Frameworks */ = {
			isa = PBXGroup;
			children = (
				523C1ABF2C6B14AC0081D1CC /* MeasureSDK.framework */,
			);
			name = Frameworks;
			sourceTree = "<group>";
		};
/* End PBXGroup section */

/* Begin PBXNativeTarget section */
		523C1AA12C6B14730081D1CC /* MeasureDemoObjc */ = {
			isa = PBXNativeTarget;
			buildConfigurationList = 523C1ABB2C6B14770081D1CC /* Build configuration list for PBXNativeTarget "MeasureDemoObjc" */;
			buildPhases = (
				523C1A9E2C6B14730081D1CC /* Sources */,
				523C1A9F2C6B14730081D1CC /* Frameworks */,
				523C1AA02C6B14730081D1CC /* Resources */,
				523C1AC22C6B14AC0081D1CC /* Embed Frameworks */,
			);
			buildRules = (
			);
			dependencies = (
			);
			name = MeasureDemoObjc;
			productName = MeasureDemoObjc;
			productReference = 523C1AA22C6B14730081D1CC /* MeasureDemoObjc.app */;
			productType = "com.apple.product-type.application";
		};
/* End PBXNativeTarget section */

/* Begin PBXProject section */
		523C1A9A2C6B14730081D1CC /* Project object */ = {
			isa = PBXProject;
			attributes = {
				BuildIndependentTargetsInParallel = 1;
				LastUpgradeCheck = 1530;
				TargetAttributes = {
					523C1AA12C6B14730081D1CC = {
						CreatedOnToolsVersion = 15.3;
					};
				};
			};
			buildConfigurationList = 523C1A9D2C6B14730081D1CC /* Build configuration list for PBXProject "MeasureDemoObjc" */;
			compatibilityVersion = "Xcode 14.0";
			developmentRegion = en;
			hasScannedForEncodings = 0;
			knownRegions = (
				en,
				Base,
			);
			mainGroup = 523C1A992C6B14730081D1CC;
			productRefGroup = 523C1AA32C6B14730081D1CC /* Products */;
			projectDirPath = "";
			projectRoot = "";
			targets = (
				523C1AA12C6B14730081D1CC /* MeasureDemoObjc */,
			);
		};
/* End PBXProject section */

/* Begin PBXResourcesBuildPhase section */
		523C1AA02C6B14730081D1CC /* Resources */ = {
			isa = PBXResourcesBuildPhase;
			buildActionMask = 2147483647;
			files = (
				523C1AB22C6B14770081D1CC /* Assets.xcassets in Resources */,
				523C1AB52C6B14770081D1CC /* Base in Resources */,
				523C1AB02C6B14730081D1CC /* Base in Resources */,
			);
			runOnlyForDeploymentPostprocessing = 0;
		};
/* End PBXResourcesBuildPhase section */

/* Begin PBXSourcesBuildPhase section */
		523C1A9E2C6B14730081D1CC /* Sources */ = {
			isa = PBXSourcesBuildPhase;
			buildActionMask = 2147483647;
			files = (
				523C1AAD2C6B14730081D1CC /* ViewController.m in Sources */,
				523C1AA72C6B14730081D1CC /* AppDelegate.m in Sources */,
				523C1AB82C6B14770081D1CC /* main.m in Sources */,
				523C1AAA2C6B14730081D1CC /* SceneDelegate.m in Sources */,
			);
			runOnlyForDeploymentPostprocessing = 0;
		};
/* End PBXSourcesBuildPhase section */

/* Begin PBXVariantGroup section */
		523C1AAE2C6B14730081D1CC /* Main.storyboard */ = {
			isa = PBXVariantGroup;
			children = (
				523C1AAF2C6B14730081D1CC /* Base */,
			);
			name = Main.storyboard;
			sourceTree = "<group>";
		};
		523C1AB32C6B14770081D1CC /* LaunchScreen.storyboard */ = {
			isa = PBXVariantGroup;
			children = (
				523C1AB42C6B14770081D1CC /* Base */,
			);
			name = LaunchScreen.storyboard;
			sourceTree = "<group>";
		};
/* End PBXVariantGroup section */

/* Begin XCBuildConfiguration section */
		523C1AB92C6B14770081D1CC /* Debug */ = {
			isa = XCBuildConfiguration;
			buildSettings = {
				ALWAYS_SEARCH_USER_PATHS = NO;
				ASSETCATALOG_COMPILER_GENERATE_SWIFT_ASSET_SYMBOL_EXTENSIONS = YES;
				CLANG_ANALYZER_NONNULL = YES;
				CLANG_ANALYZER_NUMBER_OBJECT_CONVERSION = YES_AGGRESSIVE;
				CLANG_CXX_LANGUAGE_STANDARD = "gnu++20";
				CLANG_ENABLE_MODULES = YES;
				CLANG_ENABLE_OBJC_ARC = YES;
				CLANG_ENABLE_OBJC_WEAK = YES;
				CLANG_WARN_BLOCK_CAPTURE_AUTORELEASING = YES;
				CLANG_WARN_BOOL_CONVERSION = YES;
				CLANG_WARN_COMMA = YES;
				CLANG_WARN_CONSTANT_CONVERSION = YES;
				CLANG_WARN_DEPRECATED_OBJC_IMPLEMENTATIONS = YES;
				CLANG_WARN_DIRECT_OBJC_ISA_USAGE = YES_ERROR;
				CLANG_WARN_DOCUMENTATION_COMMENTS = YES;
				CLANG_WARN_EMPTY_BODY = YES;
				CLANG_WARN_ENUM_CONVERSION = YES;
				CLANG_WARN_INFINITE_RECURSION = YES;
				CLANG_WARN_INT_CONVERSION = YES;
				CLANG_WARN_NON_LITERAL_NULL_CONVERSION = YES;
				CLANG_WARN_OBJC_IMPLICIT_RETAIN_SELF = YES;
				CLANG_WARN_OBJC_LITERAL_CONVERSION = YES;
				CLANG_WARN_OBJC_ROOT_CLASS = YES_ERROR;
				CLANG_WARN_QUOTED_INCLUDE_IN_FRAMEWORK_HEADER = YES;
				CLANG_WARN_RANGE_LOOP_ANALYSIS = YES;
				CLANG_WARN_STRICT_PROTOTYPES = YES;
				CLANG_WARN_SUSPICIOUS_MOVE = YES;
				CLANG_WARN_UNGUARDED_AVAILABILITY = YES_AGGRESSIVE;
				CLANG_WARN_UNREACHABLE_CODE = YES;
				CLANG_WARN__DUPLICATE_METHOD_MATCH = YES;
				COPY_PHASE_STRIP = NO;
				DEBUG_INFORMATION_FORMAT = dwarf;
				ENABLE_STRICT_OBJC_MSGSEND = YES;
				ENABLE_TESTABILITY = YES;
				ENABLE_USER_SCRIPT_SANDBOXING = YES;
				GCC_C_LANGUAGE_STANDARD = gnu17;
				GCC_DYNAMIC_NO_PIC = NO;
				GCC_NO_COMMON_BLOCKS = YES;
				GCC_OPTIMIZATION_LEVEL = 0;
				GCC_PREPROCESSOR_DEFINITIONS = (
					"DEBUG=1",
					"$(inherited)",
				);
				GCC_WARN_64_TO_32_BIT_CONVERSION = YES;
				GCC_WARN_ABOUT_RETURN_TYPE = YES_ERROR;
				GCC_WARN_UNDECLARED_SELECTOR = YES;
				GCC_WARN_UNINITIALIZED_AUTOS = YES_AGGRESSIVE;
				GCC_WARN_UNUSED_FUNCTION = YES;
				GCC_WARN_UNUSED_VARIABLE = YES;
				IPHONEOS_DEPLOYMENT_TARGET = 17.4;
				LOCALIZATION_PREFERS_STRING_CATALOGS = YES;
				MTL_ENABLE_DEBUG_INFO = INCLUDE_SOURCE;
				MTL_FAST_MATH = YES;
				ONLY_ACTIVE_ARCH = YES;
				SDKROOT = iphoneos;
			};
			name = Debug;
		};
		523C1ABA2C6B14770081D1CC /* Release */ = {
			isa = XCBuildConfiguration;
			buildSettings = {
				ALWAYS_SEARCH_USER_PATHS = NO;
				ASSETCATALOG_COMPILER_GENERATE_SWIFT_ASSET_SYMBOL_EXTENSIONS = YES;
				CLANG_ANALYZER_NONNULL = YES;
				CLANG_ANALYZER_NUMBER_OBJECT_CONVERSION = YES_AGGRESSIVE;
				CLANG_CXX_LANGUAGE_STANDARD = "gnu++20";
				CLANG_ENABLE_MODULES = YES;
				CLANG_ENABLE_OBJC_ARC = YES;
				CLANG_ENABLE_OBJC_WEAK = YES;
				CLANG_WARN_BLOCK_CAPTURE_AUTORELEASING = YES;
				CLANG_WARN_BOOL_CONVERSION = YES;
				CLANG_WARN_COMMA = YES;
				CLANG_WARN_CONSTANT_CONVERSION = YES;
				CLANG_WARN_DEPRECATED_OBJC_IMPLEMENTATIONS = YES;
				CLANG_WARN_DIRECT_OBJC_ISA_USAGE = YES_ERROR;
				CLANG_WARN_DOCUMENTATION_COMMENTS = YES;
				CLANG_WARN_EMPTY_BODY = YES;
				CLANG_WARN_ENUM_CONVERSION = YES;
				CLANG_WARN_INFINITE_RECURSION = YES;
				CLANG_WARN_INT_CONVERSION = YES;
				CLANG_WARN_NON_LITERAL_NULL_CONVERSION = YES;
				CLANG_WARN_OBJC_IMPLICIT_RETAIN_SELF = YES;
				CLANG_WARN_OBJC_LITERAL_CONVERSION = YES;
				CLANG_WARN_OBJC_ROOT_CLASS = YES_ERROR;
				CLANG_WARN_QUOTED_INCLUDE_IN_FRAMEWORK_HEADER = YES;
				CLANG_WARN_RANGE_LOOP_ANALYSIS = YES;
				CLANG_WARN_STRICT_PROTOTYPES = YES;
				CLANG_WARN_SUSPICIOUS_MOVE = YES;
				CLANG_WARN_UNGUARDED_AVAILABILITY = YES_AGGRESSIVE;
				CLANG_WARN_UNREACHABLE_CODE = YES;
				CLANG_WARN__DUPLICATE_METHOD_MATCH = YES;
				COPY_PHASE_STRIP = NO;
				DEBUG_INFORMATION_FORMAT = "dwarf-with-dsym";
				ENABLE_NS_ASSERTIONS = NO;
				ENABLE_STRICT_OBJC_MSGSEND = YES;
				ENABLE_USER_SCRIPT_SANDBOXING = YES;
				GCC_C_LANGUAGE_STANDARD = gnu17;
				GCC_NO_COMMON_BLOCKS = YES;
				GCC_WARN_64_TO_32_BIT_CONVERSION = YES;
				GCC_WARN_ABOUT_RETURN_TYPE = YES_ERROR;
				GCC_WARN_UNDECLARED_SELECTOR = YES;
				GCC_WARN_UNINITIALIZED_AUTOS = YES_AGGRESSIVE;
				GCC_WARN_UNUSED_FUNCTION = YES;
				GCC_WARN_UNUSED_VARIABLE = YES;
				IPHONEOS_DEPLOYMENT_TARGET = 17.4;
				LOCALIZATION_PREFERS_STRING_CATALOGS = YES;
				MTL_ENABLE_DEBUG_INFO = NO;
				MTL_FAST_MATH = YES;
				SDKROOT = iphoneos;
				VALIDATE_PRODUCT = YES;
			};
			name = Release;
		};
		523C1ABC2C6B14770081D1CC /* Debug */ = {
			isa = XCBuildConfiguration;
			buildSettings = {
				ASSETCATALOG_COMPILER_APPICON_NAME = AppIcon;
				ASSETCATALOG_COMPILER_GLOBAL_ACCENT_COLOR_NAME = AccentColor;
				CODE_SIGN_STYLE = Automatic;
				CURRENT_PROJECT_VERSION = 1;
				GENERATE_INFOPLIST_FILE = YES;
				INFOPLIST_FILE = MeasureDemoObjc/Info.plist;
				INFOPLIST_KEY_UIApplicationSupportsIndirectInputEvents = YES;
				INFOPLIST_KEY_UILaunchStoryboardName = LaunchScreen;
				INFOPLIST_KEY_UIMainStoryboardFile = Main;
				INFOPLIST_KEY_UISupportedInterfaceOrientations_iPad = "UIInterfaceOrientationPortrait UIInterfaceOrientationPortraitUpsideDown UIInterfaceOrientationLandscapeLeft UIInterfaceOrientationLandscapeRight";
				INFOPLIST_KEY_UISupportedInterfaceOrientations_iPhone = "UIInterfaceOrientationPortrait UIInterfaceOrientationLandscapeLeft UIInterfaceOrientationLandscapeRight";
				LD_RUNPATH_SEARCH_PATHS = (
					"$(inherited)",
					"@executable_path/Frameworks",
				);
				MARKETING_VERSION = 1.0;
				PRODUCT_BUNDLE_IDENTIFIER = com.measure.MeasureDemoObjc;
				PRODUCT_NAME = "$(TARGET_NAME)";
				SWIFT_EMIT_LOC_STRINGS = YES;
				TARGETED_DEVICE_FAMILY = "1,2";
			};
			name = Debug;
		};
		523C1ABD2C6B14770081D1CC /* Release */ = {
			isa = XCBuildConfiguration;
			buildSettings = {
				ASSETCATALOG_COMPILER_APPICON_NAME = AppIcon;
				ASSETCATALOG_COMPILER_GLOBAL_ACCENT_COLOR_NAME = AccentColor;
				CODE_SIGN_STYLE = Automatic;
				CURRENT_PROJECT_VERSION = 1;
				GENERATE_INFOPLIST_FILE = YES;
				INFOPLIST_FILE = MeasureDemoObjc/Info.plist;
				INFOPLIST_KEY_UIApplicationSupportsIndirectInputEvents = YES;
				INFOPLIST_KEY_UILaunchStoryboardName = LaunchScreen;
				INFOPLIST_KEY_UIMainStoryboardFile = Main;
				INFOPLIST_KEY_UISupportedInterfaceOrientations_iPad = "UIInterfaceOrientationPortrait UIInterfaceOrientationPortraitUpsideDown UIInterfaceOrientationLandscapeLeft UIInterfaceOrientationLandscapeRight";
				INFOPLIST_KEY_UISupportedInterfaceOrientations_iPhone = "UIInterfaceOrientationPortrait UIInterfaceOrientationLandscapeLeft UIInterfaceOrientationLandscapeRight";
				LD_RUNPATH_SEARCH_PATHS = (
					"$(inherited)",
					"@executable_path/Frameworks",
				);
				MARKETING_VERSION = 1.0;
				PRODUCT_BUNDLE_IDENTIFIER = com.measure.MeasureDemoObjc;
				PRODUCT_NAME = "$(TARGET_NAME)";
				SWIFT_EMIT_LOC_STRINGS = YES;
				TARGETED_DEVICE_FAMILY = "1,2";
			};
			name = Release;
		};
/* End XCBuildConfiguration section */

/* Begin XCConfigurationList section */
		523C1A9D2C6B14730081D1CC /* Build configuration list for PBXProject "MeasureDemoObjc" */ = {
			isa = XCConfigurationList;
			buildConfigurations = (
				523C1AB92C6B14770081D1CC /* Debug */,
				523C1ABA2C6B14770081D1CC /* Release */,
			);
			defaultConfigurationIsVisible = 0;
			defaultConfigurationName = Release;
		};
		523C1ABB2C6B14770081D1CC /* Build configuration list for PBXNativeTarget "MeasureDemoObjc" */ = {
			isa = XCConfigurationList;
			buildConfigurations = (
				523C1ABC2C6B14770081D1CC /* Debug */,
				523C1ABD2C6B14770081D1CC /* Release */,
			);
			defaultConfigurationIsVisible = 0;
			defaultConfigurationName = Release;
		};
/* End XCConfigurationList section */
	};
	rootObject = 523C1A9A2C6B14730081D1CC /* Project object */;
}
